// !$*UTF8*$!
{
	archiveVersion = 1;
	classes = {
	};
	objectVersion = 56;
	objects = {

/* Begin PBXBuildFile section */
		2A432E342C61591600018D50 /* AppDelegate.swift in Sources */ = {isa = PBXBuildFile; fileRef = 2A432E332C61591600018D50 /* AppDelegate.swift */; };
		2A432E362C61591600018D50 /* SceneDelegate.swift in Sources */ = {isa = PBXBuildFile; fileRef = 2A432E352C61591600018D50 /* SceneDelegate.swift */; };
		2A432E382C61591600018D50 /* ImageListViewController.swift in Sources */ = {isa = PBXBuildFile; fileRef = 2A432E372C61591600018D50 /* ImageListViewController.swift */; };
		2A432E3B2C61591600018D50 /* Base in Resources */ = {isa = PBXBuildFile; fileRef = 2A432E3A2C61591600018D50 /* Base */; };
		2A432E3D2C61591700018D50 /* Assets.xcassets in Resources */ = {isa = PBXBuildFile; fileRef = 2A432E3C2C61591700018D50 /* Assets.xcassets */; };
		2A432E402C61591700018D50 /* Base in Resources */ = {isa = PBXBuildFile; fileRef = 2A432E3F2C61591700018D50 /* Base */; };
		2A432EA02C6952F900018D50 /* ImageListCell.swift in Sources */ = {isa = PBXBuildFile; fileRef = 2A432E9F2C6952F900018D50 /* ImageListCell.swift */; };
		2A432EA52C69CB7000018D50 /* GradientView.swift in Sources */ = {isa = PBXBuildFile; fileRef = 2A432EA42C69CB7000018D50 /* GradientView.swift */; };
		2A432EA92C6E6EA300018D50 /* ProfileViewController.swift in Sources */ = {isa = PBXBuildFile; fileRef = 2A432EA82C6E6EA300018D50 /* ProfileViewController.swift */; };
		2A432EAB2C737ECC00018D50 /* SingleImageViewController.swift in Sources */ = {isa = PBXBuildFile; fileRef = 2A432EAA2C737ECC00018D50 /* SingleImageViewController.swift */; };
		2A433DE62C9A1274007C4524 /* ProgressHUD in Frameworks */ = {isa = PBXBuildFile; productRef = 2A433DE52C9A1274007C4524 /* ProgressHUD */; };
		2A433DE82CA0E00B007C4524 /* UIBlockingProgressHUD.swift in Sources */ = {isa = PBXBuildFile; fileRef = 2A433DE72CA0E00B007C4524 /* UIBlockingProgressHUD.swift */; };
		2A433DEA2CA1B5F4007C4524 /* ProfileService.swift in Sources */ = {isa = PBXBuildFile; fileRef = 2A433DE92CA1B5F4007C4524 /* ProfileService.swift */; };
		2A433DEC2CA2E5EE007C4524 /* ProfileImageService.swift in Sources */ = {isa = PBXBuildFile; fileRef = 2A433DEB2CA2E5EE007C4524 /* ProfileImageService.swift */; };
		2A433DF02CA5A858007C4524 /* URLSession+Extentions.swift in Sources */ = {isa = PBXBuildFile; fileRef = 2A433DEF2CA5A858007C4524 /* URLSession+Extentions.swift */; };
		2A433DF22CA5AC79007C4524 /* JSONDecoder+Extentions.swift in Sources */ = {isa = PBXBuildFile; fileRef = 2A433DF12CA5AC79007C4524 /* JSONDecoder+Extentions.swift */; };
		2A433DF52CA9AA50007C4524 /* Kingfisher in Frameworks */ = {isa = PBXBuildFile; productRef = 2A433DF42CA9AA50007C4524 /* Kingfisher */; };
		2A433DF82CAA19F9007C4524 /* SwiftKeychainWrapper in Frameworks */ = {isa = PBXBuildFile; productRef = 2A433DF72CAA19F9007C4524 /* SwiftKeychainWrapper */; };
		2A433DFB2CAA2828007C4524 /* TabBarController.swift in Sources */ = {isa = PBXBuildFile; fileRef = 2A433DFA2CAA2828007C4524 /* TabBarController.swift */; };
		2A433E002CAEFB1F007C4524 /* ProfileResult.swift in Sources */ = {isa = PBXBuildFile; fileRef = 2A433DFF2CAEFB1F007C4524 /* ProfileResult.swift */; };
		2A433E022CAEFB38007C4524 /* Profile.swift in Sources */ = {isa = PBXBuildFile; fileRef = 2A433E012CAEFB38007C4524 /* Profile.swift */; };
		2A433E042CAEFB69007C4524 /* UserResult.swift in Sources */ = {isa = PBXBuildFile; fileRef = 2A433E032CAEFB69007C4524 /* UserResult.swift */; };
		2A433E062CAEFB88007C4524 /* ProfileImage.swift in Sources */ = {isa = PBXBuildFile; fileRef = 2A433E052CAEFB88007C4524 /* ProfileImage.swift */; };
		2A86EB302C80C7CF00D4368C /* Constants.swift in Sources */ = {isa = PBXBuildFile; fileRef = 2A86EB2F2C80C7CF00D4368C /* Constants.swift */; };
		2A86EB322C864CAE00D4368C /* AuthViewController.swift in Sources */ = {isa = PBXBuildFile; fileRef = 2A86EB312C864CAE00D4368C /* AuthViewController.swift */; };
		2A86EB382C872DD000D4368C /* WebViewController.swift in Sources */ = {isa = PBXBuildFile; fileRef = 2A86EB372C872DD000D4368C /* WebViewController.swift */; };
		2A86EB3B2C874DCF00D4368C /* WebViewControllerDelegate.swift in Sources */ = {isa = PBXBuildFile; fileRef = 2A86EB3A2C874DCF00D4368C /* WebViewControllerDelegate.swift */; };
		2A86EB3D2C8B171800D4368C /* OAuth2Service.swift in Sources */ = {isa = PBXBuildFile; fileRef = 2A86EB3C2C8B171800D4368C /* OAuth2Service.swift */; };
		2A8A2F372C91E67F00679783 /* OAuthTokenResponseBody.swift in Sources */ = {isa = PBXBuildFile; fileRef = 2A8A2F362C91E67F00679783 /* OAuthTokenResponseBody.swift */; };
		2A8A2F392C91F86C00679783 /* OAuthTokenStorage.swift in Sources */ = {isa = PBXBuildFile; fileRef = 2A8A2F382C91F86C00679783 /* OAuthTokenStorage.swift */; };
		2A8A2F3C2C924EEB00679783 /* SplashViewController.swift in Sources */ = {isa = PBXBuildFile; fileRef = 2A8A2F3B2C924EEB00679783 /* SplashViewController.swift */; };
		2A8A2F3E2C9251C900679783 /* AuthViewControllerDeligate.swift in Sources */ = {isa = PBXBuildFile; fileRef = 2A8A2F3D2C9251C900679783 /* AuthViewControllerDeligate.swift */; };
/* End PBXBuildFile section */

/* Begin PBXContainerItemProxy section */
		2A432E472C61591700018D50 /* PBXContainerItemProxy */ = {
			isa = PBXContainerItemProxy;
			containerPortal = 2A432E282C61591600018D50 /* Project object */;
			proxyType = 1;
			remoteGlobalIDString = 2A432E2F2C61591600018D50;
			remoteInfo = ImageFeed;
		};
		2A432E512C61591700018D50 /* PBXContainerItemProxy */ = {
			isa = PBXContainerItemProxy;
			containerPortal = 2A432E282C61591600018D50 /* Project object */;
			proxyType = 1;
			remoteGlobalIDString = 2A432E2F2C61591600018D50;
			remoteInfo = ImageFeed;
		};
/* End PBXContainerItemProxy section */

/* Begin PBXFileReference section */
		2A432E302C61591600018D50 /* ImageFeed.app */ = {isa = PBXFileReference; explicitFileType = wrapper.application; includeInIndex = 0; path = ImageFeed.app; sourceTree = BUILT_PRODUCTS_DIR; };
		2A432E332C61591600018D50 /* AppDelegate.swift */ = {isa = PBXFileReference; lastKnownFileType = sourcecode.swift; path = AppDelegate.swift; sourceTree = "<group>"; };
		2A432E352C61591600018D50 /* SceneDelegate.swift */ = {isa = PBXFileReference; lastKnownFileType = sourcecode.swift; path = SceneDelegate.swift; sourceTree = "<group>"; };
		2A432E372C61591600018D50 /* ImageListViewController.swift */ = {isa = PBXFileReference; lastKnownFileType = sourcecode.swift; path = ImageListViewController.swift; sourceTree = "<group>"; };
		2A432E3A2C61591600018D50 /* Base */ = {isa = PBXFileReference; lastKnownFileType = file.storyboard; name = Base; path = Base.lproj/Main.storyboard; sourceTree = "<group>"; };
		2A432E3C2C61591700018D50 /* Assets.xcassets */ = {isa = PBXFileReference; lastKnownFileType = folder.assetcatalog; path = Assets.xcassets; sourceTree = "<group>"; };
		2A432E3F2C61591700018D50 /* Base */ = {isa = PBXFileReference; lastKnownFileType = file.storyboard; name = Base; path = Base.lproj/LaunchScreen.storyboard; sourceTree = "<group>"; };
		2A432E412C61591700018D50 /* Info.plist */ = {isa = PBXFileReference; lastKnownFileType = text.plist.xml; path = Info.plist; sourceTree = "<group>"; };
		2A432E462C61591700018D50 /* ImageFeedTests.xctest */ = {isa = PBXFileReference; explicitFileType = wrapper.cfbundle; includeInIndex = 0; path = ImageFeedTests.xctest; sourceTree = BUILT_PRODUCTS_DIR; };
		2A432E502C61591700018D50 /* ImageFeedUITests.xctest */ = {isa = PBXFileReference; explicitFileType = wrapper.cfbundle; includeInIndex = 0; path = ImageFeedUITests.xctest; sourceTree = BUILT_PRODUCTS_DIR; };
		2A432E9F2C6952F900018D50 /* ImageListCell.swift */ = {isa = PBXFileReference; lastKnownFileType = sourcecode.swift; path = ImageListCell.swift; sourceTree = "<group>"; };
		2A432EA42C69CB7000018D50 /* GradientView.swift */ = {isa = PBXFileReference; lastKnownFileType = sourcecode.swift; path = GradientView.swift; sourceTree = "<group>"; };
		2A432EA82C6E6EA300018D50 /* ProfileViewController.swift */ = {isa = PBXFileReference; lastKnownFileType = sourcecode.swift; path = ProfileViewController.swift; sourceTree = "<group>"; };
		2A432EAA2C737ECC00018D50 /* SingleImageViewController.swift */ = {isa = PBXFileReference; lastKnownFileType = sourcecode.swift; path = SingleImageViewController.swift; sourceTree = "<group>"; };
		2A433DE72CA0E00B007C4524 /* UIBlockingProgressHUD.swift */ = {isa = PBXFileReference; lastKnownFileType = sourcecode.swift; path = UIBlockingProgressHUD.swift; sourceTree = "<group>"; };
		2A433DE92CA1B5F4007C4524 /* ProfileService.swift */ = {isa = PBXFileReference; lastKnownFileType = sourcecode.swift; path = ProfileService.swift; sourceTree = "<group>"; };
		2A433DEB2CA2E5EE007C4524 /* ProfileImageService.swift */ = {isa = PBXFileReference; lastKnownFileType = sourcecode.swift; path = ProfileImageService.swift; sourceTree = "<group>"; };
		2A433DEF2CA5A858007C4524 /* URLSession+Extentions.swift */ = {isa = PBXFileReference; lastKnownFileType = sourcecode.swift; path = "URLSession+Extentions.swift"; sourceTree = "<group>"; };
		2A433DF12CA5AC79007C4524 /* JSONDecoder+Extentions.swift */ = {isa = PBXFileReference; lastKnownFileType = sourcecode.swift; path = "JSONDecoder+Extentions.swift"; sourceTree = "<group>"; };
		2A433DFA2CAA2828007C4524 /* TabBarController.swift */ = {isa = PBXFileReference; lastKnownFileType = sourcecode.swift; path = TabBarController.swift; sourceTree = "<group>"; };
		2A433DFF2CAEFB1F007C4524 /* ProfileResult.swift */ = {isa = PBXFileReference; lastKnownFileType = sourcecode.swift; path = ProfileResult.swift; sourceTree = "<group>"; };
		2A433E012CAEFB38007C4524 /* Profile.swift */ = {isa = PBXFileReference; lastKnownFileType = sourcecode.swift; path = Profile.swift; sourceTree = "<group>"; };
		2A433E032CAEFB69007C4524 /* UserResult.swift */ = {isa = PBXFileReference; lastKnownFileType = sourcecode.swift; path = UserResult.swift; sourceTree = "<group>"; };
		2A433E052CAEFB88007C4524 /* ProfileImage.swift */ = {isa = PBXFileReference; lastKnownFileType = sourcecode.swift; path = ProfileImage.swift; sourceTree = "<group>"; };
		2A86EB2F2C80C7CF00D4368C /* Constants.swift */ = {isa = PBXFileReference; lastKnownFileType = sourcecode.swift; path = Constants.swift; sourceTree = "<group>"; };
		2A86EB312C864CAE00D4368C /* AuthViewController.swift */ = {isa = PBXFileReference; lastKnownFileType = sourcecode.swift; path = AuthViewController.swift; sourceTree = "<group>"; };
		2A86EB372C872DD000D4368C /* WebViewController.swift */ = {isa = PBXFileReference; lastKnownFileType = sourcecode.swift; path = WebViewController.swift; sourceTree = "<group>"; };
		2A86EB3A2C874DCF00D4368C /* WebViewControllerDelegate.swift */ = {isa = PBXFileReference; lastKnownFileType = sourcecode.swift; path = WebViewControllerDelegate.swift; sourceTree = "<group>"; };
		2A86EB3C2C8B171800D4368C /* OAuth2Service.swift */ = {isa = PBXFileReference; lastKnownFileType = sourcecode.swift; path = OAuth2Service.swift; sourceTree = "<group>"; };
		2A8A2F362C91E67F00679783 /* OAuthTokenResponseBody.swift */ = {isa = PBXFileReference; lastKnownFileType = sourcecode.swift; path = OAuthTokenResponseBody.swift; sourceTree = "<group>"; };
		2A8A2F382C91F86C00679783 /* OAuthTokenStorage.swift */ = {isa = PBXFileReference; lastKnownFileType = sourcecode.swift; path = OAuthTokenStorage.swift; sourceTree = "<group>"; };
		2A8A2F3B2C924EEB00679783 /* SplashViewController.swift */ = {isa = PBXFileReference; lastKnownFileType = sourcecode.swift; path = SplashViewController.swift; sourceTree = "<group>"; };
		2A8A2F3D2C9251C900679783 /* AuthViewControllerDeligate.swift */ = {isa = PBXFileReference; lastKnownFileType = sourcecode.swift; path = AuthViewControllerDeligate.swift; sourceTree = "<group>"; };
/* End PBXFileReference section */

/* Begin PBXFrameworksBuildPhase section */
		2A432E2D2C61591600018D50 /* Frameworks */ = {
			isa = PBXFrameworksBuildPhase;
			buildActionMask = 2147483647;
			files = (
				2A433DF52CA9AA50007C4524 /* Kingfisher in Frameworks */,
				2A433DE62C9A1274007C4524 /* ProgressHUD in Frameworks */,
				2A433DF82CAA19F9007C4524 /* SwiftKeychainWrapper in Frameworks */,
			);
			runOnlyForDeploymentPostprocessing = 0;
		};
		2A432E432C61591700018D50 /* Frameworks */ = {
			isa = PBXFrameworksBuildPhase;
			buildActionMask = 2147483647;
			files = (
			);
			runOnlyForDeploymentPostprocessing = 0;
		};
		2A432E4D2C61591700018D50 /* Frameworks */ = {
			isa = PBXFrameworksBuildPhase;
			buildActionMask = 2147483647;
			files = (
			);
			runOnlyForDeploymentPostprocessing = 0;
		};
/* End PBXFrameworksBuildPhase section */

/* Begin PBXGroup section */
		2A432E272C61591600018D50 = {
			isa = PBXGroup;
			children = (
				2A432E322C61591600018D50 /* ImageFeed */,
				2A432E312C61591600018D50 /* Products */,
			);
			sourceTree = "<group>";
		};
		2A432E312C61591600018D50 /* Products */ = {
			isa = PBXGroup;
			children = (
				2A432E302C61591600018D50 /* ImageFeed.app */,
				2A432E462C61591700018D50 /* ImageFeedTests.xctest */,
				2A432E502C61591700018D50 /* ImageFeedUITests.xctest */,
			);
			name = Products;
			sourceTree = "<group>";
		};
		2A432E322C61591600018D50 /* ImageFeed */ = {
			isa = PBXGroup;
			children = (
				2A433DFE2CAEFAA4007C4524 /* Models */,
				2A433DF92CAA2811007C4524 /* TabBar */,
				2A433DEE2CA4D511007C4524 /* Extentions */,
				2A433DED2CA2E606007C4524 /* Services */,
				2A8A2F3A2C924ED700679783 /* Splash */,
				2A432EA12C69532600018D50 /* ImageList */,
				2A86EB2D2C7C93D300D4368C /* Profile */,
				2A86EB2E2C7C93E600D4368C /* SingleImage */,
				2A8A2F3F2C9251DF00679783 /* OAuth */,
				2A86EB332C864CC000D4368C /* Auth */,
				2A8A2F402C92520400679783 /* WebView */,
				2A432E332C61591600018D50 /* AppDelegate.swift */,
				2A432E352C61591600018D50 /* SceneDelegate.swift */,
				2A432E392C61591600018D50 /* Main.storyboard */,
				2A432E3C2C61591700018D50 /* Assets.xcassets */,
				2A432E3E2C61591700018D50 /* LaunchScreen.storyboard */,
				2A432E412C61591700018D50 /* Info.plist */,
				2A432EA42C69CB7000018D50 /* GradientView.swift */,
				2A86EB2F2C80C7CF00D4368C /* Constants.swift */,
				2A433DE72CA0E00B007C4524 /* UIBlockingProgressHUD.swift */,
			);
			path = ImageFeed;
			sourceTree = "<group>";
		};
		2A432EA12C69532600018D50 /* ImageList */ = {
			isa = PBXGroup;
			children = (
				2A432E372C61591600018D50 /* ImageListViewController.swift */,
				2A432E9F2C6952F900018D50 /* ImageListCell.swift */,
			);
			path = ImageList;
			sourceTree = "<group>";
		};
		2A433DED2CA2E606007C4524 /* Services */ = {
			isa = PBXGroup;
			children = (
				2A433DE92CA1B5F4007C4524 /* ProfileService.swift */,
				2A433DEB2CA2E5EE007C4524 /* ProfileImageService.swift */,
			);
			path = Services;
			sourceTree = "<group>";
		};
		2A433DEE2CA4D511007C4524 /* Extentions */ = {
			isa = PBXGroup;
			children = (
				2A433DEF2CA5A858007C4524 /* URLSession+Extentions.swift */,
				2A433DF12CA5AC79007C4524 /* JSONDecoder+Extentions.swift */,
			);
			path = Extentions;
			sourceTree = "<group>";
		};
		2A433DF92CAA2811007C4524 /* TabBar */ = {
			isa = PBXGroup;
			children = (
				2A433DFA2CAA2828007C4524 /* TabBarController.swift */,
			);
			path = TabBar;
			sourceTree = "<group>";
		};
		2A433DFE2CAEFAA4007C4524 /* Models */ = {
			isa = PBXGroup;
			children = (
				2A433DFF2CAEFB1F007C4524 /* ProfileResult.swift */,
				2A433E012CAEFB38007C4524 /* Profile.swift */,
				2A433E032CAEFB69007C4524 /* UserResult.swift */,
				2A433E052CAEFB88007C4524 /* ProfileImage.swift */,
			);
			path = Models;
			sourceTree = "<group>";
		};
		2A86EB2D2C7C93D300D4368C /* Profile */ = {
			isa = PBXGroup;
			children = (
				2A432EA82C6E6EA300018D50 /* ProfileViewController.swift */,
			);
			path = Profile;
			sourceTree = "<group>";
		};
		2A86EB2E2C7C93E600D4368C /* SingleImage */ = {
			isa = PBXGroup;
			children = (
				2A432EAA2C737ECC00018D50 /* SingleImageViewController.swift */,
			);
			path = SingleImage;
			sourceTree = "<group>";
		};
		2A86EB332C864CC000D4368C /* Auth */ = {
			isa = PBXGroup;
			children = (
				2A86EB312C864CAE00D4368C /* AuthViewController.swift */,
				2A8A2F3D2C9251C900679783 /* AuthViewControllerDeligate.swift */,
			);
			path = Auth;
			sourceTree = "<group>";
		};
		2A8A2F3A2C924ED700679783 /* Splash */ = {
			isa = PBXGroup;
			children = (
				2A8A2F3B2C924EEB00679783 /* SplashViewController.swift */,
			);
			path = Splash;
			sourceTree = "<group>";
		};
		2A8A2F3F2C9251DF00679783 /* OAuth */ = {
			isa = PBXGroup;
			children = (
				2A86EB3C2C8B171800D4368C /* OAuth2Service.swift */,
				2A8A2F362C91E67F00679783 /* OAuthTokenResponseBody.swift */,
				2A8A2F382C91F86C00679783 /* OAuthTokenStorage.swift */,
			);
			path = OAuth;
			sourceTree = "<group>";
		};
		2A8A2F402C92520400679783 /* WebView */ = {
			isa = PBXGroup;
			children = (
				2A86EB372C872DD000D4368C /* WebViewController.swift */,
				2A86EB3A2C874DCF00D4368C /* WebViewControllerDelegate.swift */,
			);
			path = WebView;
			sourceTree = "<group>";
		};
/* End PBXGroup section */

/* Begin PBXNativeTarget section */
		2A432E2F2C61591600018D50 /* ImageFeed */ = {
			isa = PBXNativeTarget;
			buildConfigurationList = 2A432E5A2C61591700018D50 /* Build configuration list for PBXNativeTarget "ImageFeed" */;
			buildPhases = (
				2A432E2C2C61591600018D50 /* Sources */,
				2A432E2D2C61591600018D50 /* Frameworks */,
				2A432E2E2C61591600018D50 /* Resources */,
			);
			buildRules = (
			);
			dependencies = (
			);
			name = ImageFeed;
			packageProductDependencies = (
				2A433DE52C9A1274007C4524 /* ProgressHUD */,
				2A433DF42CA9AA50007C4524 /* Kingfisher */,
				2A433DF72CAA19F9007C4524 /* SwiftKeychainWrapper */,
			);
			productName = ImageFeed;
			productReference = 2A432E302C61591600018D50 /* ImageFeed.app */;
			productType = "com.apple.product-type.application";
		};
		2A432E452C61591700018D50 /* ImageFeedTests */ = {
			isa = PBXNativeTarget;
			buildConfigurationList = 2A432E5D2C61591700018D50 /* Build configuration list for PBXNativeTarget "ImageFeedTests" */;
			buildPhases = (
				2A432E422C61591700018D50 /* Sources */,
				2A432E432C61591700018D50 /* Frameworks */,
				2A432E442C61591700018D50 /* Resources */,
			);
			buildRules = (
			);
			dependencies = (
				2A432E482C61591700018D50 /* PBXTargetDependency */,
			);
			name = ImageFeedTests;
			productName = ImageFeedTests;
			productReference = 2A432E462C61591700018D50 /* ImageFeedTests.xctest */;
			productType = "com.apple.product-type.bundle.unit-test";
		};
		2A432E4F2C61591700018D50 /* ImageFeedUITests */ = {
			isa = PBXNativeTarget;
			buildConfigurationList = 2A432E602C61591700018D50 /* Build configuration list for PBXNativeTarget "ImageFeedUITests" */;
			buildPhases = (
				2A432E4C2C61591700018D50 /* Sources */,
				2A432E4D2C61591700018D50 /* Frameworks */,
				2A432E4E2C61591700018D50 /* Resources */,
			);
			buildRules = (
			);
			dependencies = (
				2A432E522C61591700018D50 /* PBXTargetDependency */,
			);
			name = ImageFeedUITests;
			productName = ImageFeedUITests;
			productReference = 2A432E502C61591700018D50 /* ImageFeedUITests.xctest */;
			productType = "com.apple.product-type.bundle.ui-testing";
		};
/* End PBXNativeTarget section */

/* Begin PBXProject section */
		2A432E282C61591600018D50 /* Project object */ = {
			isa = PBXProject;
			attributes = {
				BuildIndependentTargetsInParallel = 1;
				LastSwiftUpdateCheck = 1530;
				LastUpgradeCheck = 1530;
				TargetAttributes = {
					2A432E2F2C61591600018D50 = {
						CreatedOnToolsVersion = 15.3;
					};
					2A432E452C61591700018D50 = {
						CreatedOnToolsVersion = 15.3;
						TestTargetID = 2A432E2F2C61591600018D50;
					};
					2A432E4F2C61591700018D50 = {
						CreatedOnToolsVersion = 15.3;
						TestTargetID = 2A432E2F2C61591600018D50;
					};
				};
			};
			buildConfigurationList = 2A432E2B2C61591600018D50 /* Build configuration list for PBXProject "ImageFeed" */;
			compatibilityVersion = "Xcode 14.0";
			developmentRegion = en;
			hasScannedForEncodings = 0;
			knownRegions = (
				en,
				Base,
			);
			mainGroup = 2A432E272C61591600018D50;
			packageReferences = (
				2A433DE42C9A1274007C4524 /* XCRemoteSwiftPackageReference "ProgressHUD" */,
				2A433DF32CA9AA50007C4524 /* XCRemoteSwiftPackageReference "Kingfisher" */,
				2A433DF62CAA19F9007C4524 /* XCRemoteSwiftPackageReference "SwiftKeychainWrapper" */,
			);
			productRefGroup = 2A432E312C61591600018D50 /* Products */;
			projectDirPath = "";
			projectRoot = "";
			targets = (
				2A432E2F2C61591600018D50 /* ImageFeed */,
				2A432E452C61591700018D50 /* ImageFeedTests */,
				2A432E4F2C61591700018D50 /* ImageFeedUITests */,
			);
		};
/* End PBXProject section */

/* Begin PBXResourcesBuildPhase section */
		2A432E2E2C61591600018D50 /* Resources */ = {
			isa = PBXResourcesBuildPhase;
			buildActionMask = 2147483647;
			files = (
				2A432E3D2C61591700018D50 /* Assets.xcassets in Resources */,
				2A432E402C61591700018D50 /* Base in Resources */,
				2A432E3B2C61591600018D50 /* Base in Resources */,
			);
			runOnlyForDeploymentPostprocessing = 0;
		};
		2A432E442C61591700018D50 /* Resources */ = {
			isa = PBXResourcesBuildPhase;
			buildActionMask = 2147483647;
			files = (
			);
			runOnlyForDeploymentPostprocessing = 0;
		};
		2A432E4E2C61591700018D50 /* Resources */ = {
			isa = PBXResourcesBuildPhase;
			buildActionMask = 2147483647;
			files = (
			);
			runOnlyForDeploymentPostprocessing = 0;
		};
/* End PBXResourcesBuildPhase section */

/* Begin PBXSourcesBuildPhase section */
		2A432E2C2C61591600018D50 /* Sources */ = {
			isa = PBXSourcesBuildPhase;
			buildActionMask = 2147483647;
			files = (
				2A432EA92C6E6EA300018D50 /* ProfileViewController.swift in Sources */,
				2A433E022CAEFB38007C4524 /* Profile.swift in Sources */,
				2A432E382C61591600018D50 /* ImageListViewController.swift in Sources */,
				2A433E062CAEFB88007C4524 /* ProfileImage.swift in Sources */,
				2A86EB3D2C8B171800D4368C /* OAuth2Service.swift in Sources */,
				2A432EA02C6952F900018D50 /* ImageListCell.swift in Sources */,
				2A86EB3B2C874DCF00D4368C /* WebViewControllerDelegate.swift in Sources */,
				2A433DF02CA5A858007C4524 /* URLSession+Extentions.swift in Sources */,
				2A8A2F372C91E67F00679783 /* OAuthTokenResponseBody.swift in Sources */,
				2A433E042CAEFB69007C4524 /* UserResult.swift in Sources */,
				2A8A2F3E2C9251C900679783 /* AuthViewControllerDeligate.swift in Sources */,
				2A86EB382C872DD000D4368C /* WebViewController.swift in Sources */,
				2A8A2F392C91F86C00679783 /* OAuthTokenStorage.swift in Sources */,
				2A432EAB2C737ECC00018D50 /* SingleImageViewController.swift in Sources */,
				2A433DF22CA5AC79007C4524 /* JSONDecoder+Extentions.swift in Sources */,
				2A8A2F3C2C924EEB00679783 /* SplashViewController.swift in Sources */,
				2A433E002CAEFB1F007C4524 /* ProfileResult.swift in Sources */,
				2A433DFB2CAA2828007C4524 /* TabBarController.swift in Sources */,
				2A433DEC2CA2E5EE007C4524 /* ProfileImageService.swift in Sources */,
				2A433DEA2CA1B5F4007C4524 /* ProfileService.swift in Sources */,
				2A432EA52C69CB7000018D50 /* GradientView.swift in Sources */,
				2A432E342C61591600018D50 /* AppDelegate.swift in Sources */,
				2A86EB322C864CAE00D4368C /* AuthViewController.swift in Sources */,
				2A432E362C61591600018D50 /* SceneDelegate.swift in Sources */,
				2A86EB302C80C7CF00D4368C /* Constants.swift in Sources */,
				2A433DE82CA0E00B007C4524 /* UIBlockingProgressHUD.swift in Sources */,
			);
			runOnlyForDeploymentPostprocessing = 0;
		};
		2A432E422C61591700018D50 /* Sources */ = {
			isa = PBXSourcesBuildPhase;
			buildActionMask = 2147483647;
			files = (
			);
			runOnlyForDeploymentPostprocessing = 0;
		};
		2A432E4C2C61591700018D50 /* Sources */ = {
			isa = PBXSourcesBuildPhase;
			buildActionMask = 2147483647;
			files = (
			);
			runOnlyForDeploymentPostprocessing = 0;
		};
/* End PBXSourcesBuildPhase section */

/* Begin PBXTargetDependency section */
		2A432E482C61591700018D50 /* PBXTargetDependency */ = {
			isa = PBXTargetDependency;
			target = 2A432E2F2C61591600018D50 /* ImageFeed */;
			targetProxy = 2A432E472C61591700018D50 /* PBXContainerItemProxy */;
		};
		2A432E522C61591700018D50 /* PBXTargetDependency */ = {
			isa = PBXTargetDependency;
			target = 2A432E2F2C61591600018D50 /* ImageFeed */;
			targetProxy = 2A432E512C61591700018D50 /* PBXContainerItemProxy */;
		};
/* End PBXTargetDependency section */

/* Begin PBXVariantGroup section */
		2A432E392C61591600018D50 /* Main.storyboard */ = {
			isa = PBXVariantGroup;
			children = (
				2A432E3A2C61591600018D50 /* Base */,
			);
			name = Main.storyboard;
			sourceTree = "<group>";
		};
		2A432E3E2C61591700018D50 /* LaunchScreen.storyboard */ = {
			isa = PBXVariantGroup;
			children = (
				2A432E3F2C61591700018D50 /* Base */,
			);
			name = LaunchScreen.storyboard;
			sourceTree = "<group>";
		};
/* End PBXVariantGroup section */

/* Begin XCBuildConfiguration section */
		2A432E582C61591700018D50 /* Debug */ = {
			isa = XCBuildConfiguration;
			buildSettings = {
				ALWAYS_SEARCH_USER_PATHS = NO;
				ASSETCATALOG_COMPILER_GENERATE_SWIFT_ASSET_SYMBOL_EXTENSIONS = YES;
				CLANG_ANALYZER_NONNULL = YES;
				CLANG_ANALYZER_NUMBER_OBJECT_CONVERSION = YES_AGGRESSIVE;
				CLANG_CXX_LANGUAGE_STANDARD = "gnu++20";
				CLANG_ENABLE_MODULES = YES;
				CLANG_ENABLE_OBJC_ARC = YES;
				CLANG_ENABLE_OBJC_WEAK = YES;
				CLANG_WARN_BLOCK_CAPTURE_AUTORELEASING = YES;
				CLANG_WARN_BOOL_CONVERSION = YES;
				CLANG_WARN_COMMA = YES;
				CLANG_WARN_CONSTANT_CONVERSION = YES;
				CLANG_WARN_DEPRECATED_OBJC_IMPLEMENTATIONS = YES;
				CLANG_WARN_DIRECT_OBJC_ISA_USAGE = YES_ERROR;
				CLANG_WARN_DOCUMENTATION_COMMENTS = YES;
				CLANG_WARN_EMPTY_BODY = YES;
				CLANG_WARN_ENUM_CONVERSION = YES;
				CLANG_WARN_INFINITE_RECURSION = YES;
				CLANG_WARN_INT_CONVERSION = YES;
				CLANG_WARN_NON_LITERAL_NULL_CONVERSION = YES;
				CLANG_WARN_OBJC_IMPLICIT_RETAIN_SELF = YES;
				CLANG_WARN_OBJC_LITERAL_CONVERSION = YES;
				CLANG_WARN_OBJC_ROOT_CLASS = YES_ERROR;
				CLANG_WARN_QUOTED_INCLUDE_IN_FRAMEWORK_HEADER = YES;
				CLANG_WARN_RANGE_LOOP_ANALYSIS = YES;
				CLANG_WARN_STRICT_PROTOTYPES = YES;
				CLANG_WARN_SUSPICIOUS_MOVE = YES;
				CLANG_WARN_UNGUARDED_AVAILABILITY = YES_AGGRESSIVE;
				CLANG_WARN_UNREACHABLE_CODE = YES;
				CLANG_WARN__DUPLICATE_METHOD_MATCH = YES;
				COPY_PHASE_STRIP = NO;
				DEBUG_INFORMATION_FORMAT = dwarf;
				ENABLE_STRICT_OBJC_MSGSEND = YES;
				ENABLE_TESTABILITY = YES;
				ENABLE_USER_SCRIPT_SANDBOXING = YES;
				GCC_C_LANGUAGE_STANDARD = gnu17;
				GCC_DYNAMIC_NO_PIC = NO;
				GCC_NO_COMMON_BLOCKS = YES;
				GCC_OPTIMIZATION_LEVEL = 0;
				GCC_PREPROCESSOR_DEFINITIONS = (
					"DEBUG=1",
					"$(inherited)",
				);
				GCC_WARN_64_TO_32_BIT_CONVERSION = YES;
				GCC_WARN_ABOUT_RETURN_TYPE = YES_ERROR;
				GCC_WARN_UNDECLARED_SELECTOR = YES;
				GCC_WARN_UNINITIALIZED_AUTOS = YES_AGGRESSIVE;
				GCC_WARN_UNUSED_FUNCTION = YES;
				GCC_WARN_UNUSED_VARIABLE = YES;
				IPHONEOS_DEPLOYMENT_TARGET = 17.4;
				LOCALIZATION_PREFERS_STRING_CATALOGS = YES;
				MTL_ENABLE_DEBUG_INFO = INCLUDE_SOURCE;
				MTL_FAST_MATH = YES;
				ONLY_ACTIVE_ARCH = YES;
				SDKROOT = iphoneos;
				SWIFT_ACTIVE_COMPILATION_CONDITIONS = "DEBUG $(inherited)";
				SWIFT_OPTIMIZATION_LEVEL = "-Onone";
			};
			name = Debug;
		};
		2A432E592C61591700018D50 /* Release */ = {
			isa = XCBuildConfiguration;
			buildSettings = {
				ALWAYS_SEARCH_USER_PATHS = NO;
				ASSETCATALOG_COMPILER_GENERATE_SWIFT_ASSET_SYMBOL_EXTENSIONS = YES;
				CLANG_ANALYZER_NONNULL = YES;
				CLANG_ANALYZER_NUMBER_OBJECT_CONVERSION = YES_AGGRESSIVE;
				CLANG_CXX_LANGUAGE_STANDARD = "gnu++20";
				CLANG_ENABLE_MODULES = YES;
				CLANG_ENABLE_OBJC_ARC = YES;
				CLANG_ENABLE_OBJC_WEAK = YES;
				CLANG_WARN_BLOCK_CAPTURE_AUTORELEASING = YES;
				CLANG_WARN_BOOL_CONVERSION = YES;
				CLANG_WARN_COMMA = YES;
				CLANG_WARN_CONSTANT_CONVERSION = YES;
				CLANG_WARN_DEPRECATED_OBJC_IMPLEMENTATIONS = YES;
				CLANG_WARN_DIRECT_OBJC_ISA_USAGE = YES_ERROR;
				CLANG_WARN_DOCUMENTATION_COMMENTS = YES;
				CLANG_WARN_EMPTY_BODY = YES;
				CLANG_WARN_ENUM_CONVERSION = YES;
				CLANG_WARN_INFINITE_RECURSION = YES;
				CLANG_WARN_INT_CONVERSION = YES;
				CLANG_WARN_NON_LITERAL_NULL_CONVERSION = YES;
				CLANG_WARN_OBJC_IMPLICIT_RETAIN_SELF = YES;
				CLANG_WARN_OBJC_LITERAL_CONVERSION = YES;
				CLANG_WARN_OBJC_ROOT_CLASS = YES_ERROR;
				CLANG_WARN_QUOTED_INCLUDE_IN_FRAMEWORK_HEADER = YES;
				CLANG_WARN_RANGE_LOOP_ANALYSIS = YES;
				CLANG_WARN_STRICT_PROTOTYPES = YES;
				CLANG_WARN_SUSPICIOUS_MOVE = YES;
				CLANG_WARN_UNGUARDED_AVAILABILITY = YES_AGGRESSIVE;
				CLANG_WARN_UNREACHABLE_CODE = YES;
				CLANG_WARN__DUPLICATE_METHOD_MATCH = YES;
				COPY_PHASE_STRIP = NO;
				DEBUG_INFORMATION_FORMAT = "dwarf-with-dsym";
				ENABLE_NS_ASSERTIONS = NO;
				ENABLE_STRICT_OBJC_MSGSEND = YES;
				ENABLE_USER_SCRIPT_SANDBOXING = YES;
				GCC_C_LANGUAGE_STANDARD = gnu17;
				GCC_NO_COMMON_BLOCKS = YES;
				GCC_WARN_64_TO_32_BIT_CONVERSION = YES;
				GCC_WARN_ABOUT_RETURN_TYPE = YES_ERROR;
				GCC_WARN_UNDECLARED_SELECTOR = YES;
				GCC_WARN_UNINITIALIZED_AUTOS = YES_AGGRESSIVE;
				GCC_WARN_UNUSED_FUNCTION = YES;
				GCC_WARN_UNUSED_VARIABLE = YES;
				IPHONEOS_DEPLOYMENT_TARGET = 17.4;
				LOCALIZATION_PREFERS_STRING_CATALOGS = YES;
				MTL_ENABLE_DEBUG_INFO = NO;
				MTL_FAST_MATH = YES;
				SDKROOT = iphoneos;
				SWIFT_COMPILATION_MODE = wholemodule;
				VALIDATE_PRODUCT = YES;
			};
			name = Release;
		};
		2A432E5B2C61591700018D50 /* Debug */ = {
			isa = XCBuildConfiguration;
			buildSettings = {
				ASSETCATALOG_COMPILER_APPICON_NAME = AppIcon;
				ASSETCATALOG_COMPILER_GLOBAL_ACCENT_COLOR_NAME = AccentColor;
				CODE_SIGN_STYLE = Automatic;
				CURRENT_PROJECT_VERSION = 1;
				DEVELOPMENT_TEAM = TH3U5LBAKD;
				GENERATE_INFOPLIST_FILE = YES;
				INFOPLIST_FILE = ImageFeed/Info.plist;
				INFOPLIST_KEY_UIApplicationSupportsIndirectInputEvents = YES;
				INFOPLIST_KEY_UILaunchStoryboardName = LaunchScreen;
				INFOPLIST_KEY_UIMainStoryboardFile = Main;
				INFOPLIST_KEY_UISupportedInterfaceOrientations = UIInterfaceOrientationPortrait;
				INFOPLIST_KEY_UISupportedInterfaceOrientations_iPad = "UIInterfaceOrientationLandscapeLeft UIInterfaceOrientationLandscapeRight UIInterfaceOrientationPortrait";
				IPHONEOS_DEPLOYMENT_TARGET = 13.0;
				LD_RUNPATH_SEARCH_PATHS = (
					"$(inherited)",
					"@executable_path/Frameworks",
				);
				MARKETING_VERSION = 1.0;
				PRODUCT_BUNDLE_IDENTIFIER = OwiLover.ImageFeed;
				PRODUCT_NAME = "$(TARGET_NAME)";
				SUPPORTED_PLATFORMS = "iphoneos iphonesimulator";
				SUPPORTS_MACCATALYST = NO;
				SWIFT_EMIT_LOC_STRINGS = YES;
				SWIFT_VERSION = 5.0;
				TARGETED_DEVICE_FAMILY = 1;
			};
			name = Debug;
		};
		2A432E5C2C61591700018D50 /* Release */ = {
			isa = XCBuildConfiguration;
			buildSettings = {
				ASSETCATALOG_COMPILER_APPICON_NAME = AppIcon;
				ASSETCATALOG_COMPILER_GLOBAL_ACCENT_COLOR_NAME = AccentColor;
				CODE_SIGN_STYLE = Automatic;
				CURRENT_PROJECT_VERSION = 1;
				DEVELOPMENT_TEAM = TH3U5LBAKD;
				GENERATE_INFOPLIST_FILE = YES;
				INFOPLIST_FILE = ImageFeed/Info.plist;
				INFOPLIST_KEY_UIApplicationSupportsIndirectInputEvents = YES;
				INFOPLIST_KEY_UILaunchStoryboardName = LaunchScreen;
				INFOPLIST_KEY_UIMainStoryboardFile = Main;
				INFOPLIST_KEY_UISupportedInterfaceOrientations = UIInterfaceOrientationPortrait;
				INFOPLIST_KEY_UISupportedInterfaceOrientations_iPad = "UIInterfaceOrientationLandscapeLeft UIInterfaceOrientationLandscapeRight UIInterfaceOrientationPortrait";
				IPHONEOS_DEPLOYMENT_TARGET = 13.0;
				LD_RUNPATH_SEARCH_PATHS = (
					"$(inherited)",
					"@executable_path/Frameworks",
				);
				MARKETING_VERSION = 1.0;
				PRODUCT_BUNDLE_IDENTIFIER = OwiLover.ImageFeed;
				PRODUCT_NAME = "$(TARGET_NAME)";
				SUPPORTED_PLATFORMS = "iphoneos iphonesimulator";
				SUPPORTS_MACCATALYST = NO;
				SWIFT_EMIT_LOC_STRINGS = YES;
				SWIFT_VERSION = 5.0;
				TARGETED_DEVICE_FAMILY = 1;
			};
			name = Release;
		};
		2A432E5E2C61591700018D50 /* Debug */ = {
			isa = XCBuildConfiguration;
			buildSettings = {
				ALWAYS_EMBED_SWIFT_STANDARD_LIBRARIES = YES;
				BUNDLE_LOADER = "$(TEST_HOST)";
				CODE_SIGN_STYLE = Automatic;
				CURRENT_PROJECT_VERSION = 1;
				GENERATE_INFOPLIST_FILE = YES;
				IPHONEOS_DEPLOYMENT_TARGET = 17.4;
				MARKETING_VERSION = 1.0;
				PRODUCT_BUNDLE_IDENTIFIER = OwiLover.ImageFeedTests;
				PRODUCT_NAME = "$(TARGET_NAME)";
				SWIFT_EMIT_LOC_STRINGS = NO;
				SWIFT_VERSION = 5.0;
				TARGETED_DEVICE_FAMILY = "1,2";
				TEST_HOST = "$(BUILT_PRODUCTS_DIR)/ImageFeed.app/$(BUNDLE_EXECUTABLE_FOLDER_PATH)/ImageFeed";
			};
			name = Debug;
		};
		2A432E5F2C61591700018D50 /* Release */ = {
			isa = XCBuildConfiguration;
			buildSettings = {
				ALWAYS_EMBED_SWIFT_STANDARD_LIBRARIES = YES;
				BUNDLE_LOADER = "$(TEST_HOST)";
				CODE_SIGN_STYLE = Automatic;
				CURRENT_PROJECT_VERSION = 1;
				GENERATE_INFOPLIST_FILE = YES;
				IPHONEOS_DEPLOYMENT_TARGET = 17.4;
				MARKETING_VERSION = 1.0;
				PRODUCT_BUNDLE_IDENTIFIER = OwiLover.ImageFeedTests;
				PRODUCT_NAME = "$(TARGET_NAME)";
				SWIFT_EMIT_LOC_STRINGS = NO;
				SWIFT_VERSION = 5.0;
				TARGETED_DEVICE_FAMILY = "1,2";
				TEST_HOST = "$(BUILT_PRODUCTS_DIR)/ImageFeed.app/$(BUNDLE_EXECUTABLE_FOLDER_PATH)/ImageFeed";
			};
			name = Release;
		};
		2A432E612C61591700018D50 /* Debug */ = {
			isa = XCBuildConfiguration;
			buildSettings = {
				ALWAYS_EMBED_SWIFT_STANDARD_LIBRARIES = YES;
				CODE_SIGN_STYLE = Automatic;
				CURRENT_PROJECT_VERSION = 1;
				GENERATE_INFOPLIST_FILE = YES;
				MARKETING_VERSION = 1.0;
				PRODUCT_BUNDLE_IDENTIFIER = OwiLover.ImageFeedUITests;
				PRODUCT_NAME = "$(TARGET_NAME)";
				SWIFT_EMIT_LOC_STRINGS = NO;
				SWIFT_VERSION = 5.0;
				TARGETED_DEVICE_FAMILY = "1,2";
				TEST_TARGET_NAME = ImageFeed;
			};
			name = Debug;
		};
		2A432E622C61591700018D50 /* Release */ = {
			isa = XCBuildConfiguration;
			buildSettings = {
				ALWAYS_EMBED_SWIFT_STANDARD_LIBRARIES = YES;
				CODE_SIGN_STYLE = Automatic;
				CURRENT_PROJECT_VERSION = 1;
				GENERATE_INFOPLIST_FILE = YES;
				MARKETING_VERSION = 1.0;
				PRODUCT_BUNDLE_IDENTIFIER = OwiLover.ImageFeedUITests;
				PRODUCT_NAME = "$(TARGET_NAME)";
				SWIFT_EMIT_LOC_STRINGS = NO;
				SWIFT_VERSION = 5.0;
				TARGETED_DEVICE_FAMILY = "1,2";
				TEST_TARGET_NAME = ImageFeed;
			};
			name = Release;
		};
/* End XCBuildConfiguration section */

/* Begin XCConfigurationList section */
		2A432E2B2C61591600018D50 /* Build configuration list for PBXProject "ImageFeed" */ = {
			isa = XCConfigurationList;
			buildConfigurations = (
				2A432E582C61591700018D50 /* Debug */,
				2A432E592C61591700018D50 /* Release */,
			);
			defaultConfigurationIsVisible = 0;
			defaultConfigurationName = Release;
		};
		2A432E5A2C61591700018D50 /* Build configuration list for PBXNativeTarget "ImageFeed" */ = {
			isa = XCConfigurationList;
			buildConfigurations = (
				2A432E5B2C61591700018D50 /* Debug */,
				2A432E5C2C61591700018D50 /* Release */,
			);
			defaultConfigurationIsVisible = 0;
			defaultConfigurationName = Release;
		};
		2A432E5D2C61591700018D50 /* Build configuration list for PBXNativeTarget "ImageFeedTests" */ = {
			isa = XCConfigurationList;
			buildConfigurations = (
				2A432E5E2C61591700018D50 /* Debug */,
				2A432E5F2C61591700018D50 /* Release */,
			);
			defaultConfigurationIsVisible = 0;
			defaultConfigurationName = Release;
		};
		2A432E602C61591700018D50 /* Build configuration list for PBXNativeTarget "ImageFeedUITests" */ = {
			isa = XCConfigurationList;
			buildConfigurations = (
				2A432E612C61591700018D50 /* Debug */,
				2A432E622C61591700018D50 /* Release */,
			);
			defaultConfigurationIsVisible = 0;
			defaultConfigurationName = Release;
		};
/* End XCConfigurationList section */

/* Begin XCRemoteSwiftPackageReference section */
		2A433DE42C9A1274007C4524 /* XCRemoteSwiftPackageReference "ProgressHUD" */ = {
			isa = XCRemoteSwiftPackageReference;
			repositoryURL = "https://github.com/relatedcode/ProgressHUD";
			requirement = {
				kind = upToNextMajorVersion;
				minimumVersion = 14.1.3;
			};
		};
		2A433DF32CA9AA50007C4524 /* XCRemoteSwiftPackageReference "Kingfisher" */ = {
			isa = XCRemoteSwiftPackageReference;
			repositoryURL = "https://github.com/onevcat/Kingfisher";
			requirement = {
				kind = upToNextMajorVersion;
				minimumVersion = 8.0.3;
			};
		};
		2A433DF62CAA19F9007C4524 /* XCRemoteSwiftPackageReference "SwiftKeychainWrapper" */ = {
			isa = XCRemoteSwiftPackageReference;
			repositoryURL = "https://github.com/jrendel/SwiftKeychainWrapper";
			requirement = {
				kind = upToNextMajorVersion;
				minimumVersion = 4.0.1;
			};
		};
/* End XCRemoteSwiftPackageReference section */

/* Begin XCSwiftPackageProductDependency section */
		2A433DE52C9A1274007C4524 /* ProgressHUD */ = {
			isa = XCSwiftPackageProductDependency;
			package = 2A433DE42C9A1274007C4524 /* XCRemoteSwiftPackageReference "ProgressHUD" */;
			productName = ProgressHUD;
		};
		2A433DF42CA9AA50007C4524 /* Kingfisher */ = {
			isa = XCSwiftPackageProductDependency;
			package = 2A433DF32CA9AA50007C4524 /* XCRemoteSwiftPackageReference "Kingfisher" */;
			productName = Kingfisher;
		};
		2A433DF72CAA19F9007C4524 /* SwiftKeychainWrapper */ = {
			isa = XCSwiftPackageProductDependency;
			package = 2A433DF62CAA19F9007C4524 /* XCRemoteSwiftPackageReference "SwiftKeychainWrapper" */;
			productName = SwiftKeychainWrapper;
		};
/* End XCSwiftPackageProductDependency section */
	};
	rootObject = 2A432E282C61591600018D50 /* Project object */;
}
