// !$*UTF8*$!
{
	archiveVersion = 1;
	classes = {
	};
	objectVersion = 56;
	objects = {

/* Begin PBXBuildFile section */
		2A41E7E42CB464B6006891E5 /* SelectedPhotoResult.swift in Sources */ = {isa = PBXBuildFile; fileRef = 2A41E7E32CB464B6006891E5 /* SelectedPhotoResult.swift */; };
		2A41E7E62CB473D4006891E5 /* ImageListCellDelegate.swift in Sources */ = {isa = PBXBuildFile; fileRef = 2A41E7E52CB473D4006891E5 /* ImageListCellDelegate.swift */; };
		2A41E7E82CB4AC6B006891E5 /* ImageListCell.swift in Sources */ = {isa = PBXBuildFile; fileRef = 2A41E7E72CB4AC6B006891E5 /* ImageListCell.swift */; };
		2A41E7EA2CB55206006891E5 /* Array+Extentions.swift in Sources */ = {isa = PBXBuildFile; fileRef = 2A41E7E92CB55206006891E5 /* Array+Extentions.swift */; };
		2A41E7EE2CB59656006891E5 /* CustomIndicator.swift in Sources */ = {isa = PBXBuildFile; fileRef = 2A41E7ED2CB59656006891E5 /* CustomIndicator.swift */; };
		2A41E7F02CB6C43B006891E5 /* ProfileLogoutService.swift in Sources */ = {isa = PBXBuildFile; fileRef = 2A41E7EF2CB6C43B006891E5 /* ProfileLogoutService.swift */; };
		2A432E342C61591600018D50 /* AppDelegate.swift in Sources */ = {isa = PBXBuildFile; fileRef = 2A432E332C61591600018D50 /* AppDelegate.swift */; };
		2A432E362C61591600018D50 /* SceneDelegate.swift in Sources */ = {isa = PBXBuildFile; fileRef = 2A432E352C61591600018D50 /* SceneDelegate.swift */; };
		2A432E382C61591600018D50 /* ImageListViewController.swift in Sources */ = {isa = PBXBuildFile; fileRef = 2A432E372C61591600018D50 /* ImageListViewController.swift */; };
		2A432E3B2C61591600018D50 /* Base in Resources */ = {isa = PBXBuildFile; fileRef = 2A432E3A2C61591600018D50 /* Base */; };
		2A432E3D2C61591700018D50 /* Assets.xcassets in Resources */ = {isa = PBXBuildFile; fileRef = 2A432E3C2C61591700018D50 /* Assets.xcassets */; };
		2A432E402C61591700018D50 /* Base in Resources */ = {isa = PBXBuildFile; fileRef = 2A432E3F2C61591700018D50 /* Base */; };
		2A432EA02C6952F900018D50 /* ImageListCellOld.swift in Sources */ = {isa = PBXBuildFile; fileRef = 2A432E9F2C6952F900018D50 /* ImageListCellOld.swift */; };
		2A432EA52C69CB7000018D50 /* GradientView.swift in Sources */ = {isa = PBXBuildFile; fileRef = 2A432EA42C69CB7000018D50 /* GradientView.swift */; };
		2A432EA92C6E6EA300018D50 /* ProfileViewController.swift in Sources */ = {isa = PBXBuildFile; fileRef = 2A432EA82C6E6EA300018D50 /* ProfileViewController.swift */; };
		2A432EAB2C737ECC00018D50 /* SingleImageViewController.swift in Sources */ = {isa = PBXBuildFile; fileRef = 2A432EAA2C737ECC00018D50 /* SingleImageViewController.swift */; };
		2A433DE62C9A1274007C4524 /* ProgressHUD in Frameworks */ = {isa = PBXBuildFile; productRef = 2A433DE52C9A1274007C4524 /* ProgressHUD */; };
		2A433DE82CA0E00B007C4524 /* UIBlockingProgressHUD.swift in Sources */ = {isa = PBXBuildFile; fileRef = 2A433DE72CA0E00B007C4524 /* UIBlockingProgressHUD.swift */; };
		2A433DEA2CA1B5F4007C4524 /* ProfileService.swift in Sources */ = {isa = PBXBuildFile; fileRef = 2A433DE92CA1B5F4007C4524 /* ProfileService.swift */; };
		2A433DEC2CA2E5EE007C4524 /* ProfileImageService.swift in Sources */ = {isa = PBXBuildFile; fileRef = 2A433DEB2CA2E5EE007C4524 /* ProfileImageService.swift */; };
		2A433DF02CA5A858007C4524 /* URLSession+Extentions.swift in Sources */ = {isa = PBXBuildFile; fileRef = 2A433DEF2CA5A858007C4524 /* URLSession+Extentions.swift */; };
		2A433DF22CA5AC79007C4524 /* JSONDecoder+Extentions.swift in Sources */ = {isa = PBXBuildFile; fileRef = 2A433DF12CA5AC79007C4524 /* JSONDecoder+Extentions.swift */; };
		2A433DF52CA9AA50007C4524 /* Kingfisher in Frameworks */ = {isa = PBXBuildFile; productRef = 2A433DF42CA9AA50007C4524 /* Kingfisher */; };
		2A433DF82CAA19F9007C4524 /* SwiftKeychainWrapper in Frameworks */ = {isa = PBXBuildFile; productRef = 2A433DF72CAA19F9007C4524 /* SwiftKeychainWrapper */; };
		2A433DFB2CAA2828007C4524 /* TabBarController.swift in Sources */ = {isa = PBXBuildFile; fileRef = 2A433DFA2CAA2828007C4524 /* TabBarController.swift */; };
		2A433E002CAEFB1F007C4524 /* ProfileResult.swift in Sources */ = {isa = PBXBuildFile; fileRef = 2A433DFF2CAEFB1F007C4524 /* ProfileResult.swift */; };
		2A433E022CAEFB38007C4524 /* Profile.swift in Sources */ = {isa = PBXBuildFile; fileRef = 2A433E012CAEFB38007C4524 /* Profile.swift */; };
		2A433E042CAEFB69007C4524 /* UserResult.swift in Sources */ = {isa = PBXBuildFile; fileRef = 2A433E032CAEFB69007C4524 /* UserResult.swift */; };
		2A433E062CAEFB88007C4524 /* ProfileImage.swift in Sources */ = {isa = PBXBuildFile; fileRef = 2A433E052CAEFB88007C4524 /* ProfileImage.swift */; };
		2A433E082CAF0034007C4524 /* ImageListService.swift in Sources */ = {isa = PBXBuildFile; fileRef = 2A433E072CAF0034007C4524 /* ImageListService.swift */; };
		2A433E0A2CAF0061007C4524 /* Photo.swift in Sources */ = {isa = PBXBuildFile; fileRef = 2A433E092CAF0061007C4524 /* Photo.swift */; };
		2A433E0C2CAF32E0007C4524 /* UrlsResult.swift in Sources */ = {isa = PBXBuildFile; fileRef = 2A433E0B2CAF32DF007C4524 /* UrlsResult.swift */; };
		2A433E0E2CAFFB42007C4524 /* PhotoResult.swift in Sources */ = {isa = PBXBuildFile; fileRef = 2A433E0D2CAFFB42007C4524 /* PhotoResult.swift */; };
		2A433E122CB026D1007C4524 /* URLRequest+Extentions.swift in Sources */ = {isa = PBXBuildFile; fileRef = 2A433E112CB026D1007C4524 /* URLRequest+Extentions.swift */; };
		2A86EB302C80C7CF00D4368C /* AuthConfiguration.swift in Sources */ = {isa = PBXBuildFile; fileRef = 2A86EB2F2C80C7CF00D4368C /* AuthConfiguration.swift */; };
		2A86EB322C864CAE00D4368C /* AuthViewController.swift in Sources */ = {isa = PBXBuildFile; fileRef = 2A86EB312C864CAE00D4368C /* AuthViewController.swift */; };
		2A86EB382C872DD000D4368C /* WebViewController.swift in Sources */ = {isa = PBXBuildFile; fileRef = 2A86EB372C872DD000D4368C /* WebViewController.swift */; };
		2A86EB3B2C874DCF00D4368C /* WebViewControllerDelegate.swift in Sources */ = {isa = PBXBuildFile; fileRef = 2A86EB3A2C874DCF00D4368C /* WebViewControllerDelegate.swift */; };
		2A86EB3D2C8B171800D4368C /* OAuth2Service.swift in Sources */ = {isa = PBXBuildFile; fileRef = 2A86EB3C2C8B171800D4368C /* OAuth2Service.swift */; };
		2A8A2F372C91E67F00679783 /* OAuthTokenResponseBody.swift in Sources */ = {isa = PBXBuildFile; fileRef = 2A8A2F362C91E67F00679783 /* OAuthTokenResponseBody.swift */; };
		2A8A2F392C91F86C00679783 /* OAuthTokenStorage.swift in Sources */ = {isa = PBXBuildFile; fileRef = 2A8A2F382C91F86C00679783 /* OAuthTokenStorage.swift */; };
		2A8A2F3C2C924EEB00679783 /* SplashViewController.swift in Sources */ = {isa = PBXBuildFile; fileRef = 2A8A2F3B2C924EEB00679783 /* SplashViewController.swift */; };
		2A8A2F3E2C9251C900679783 /* AuthViewControllerDeligate.swift in Sources */ = {isa = PBXBuildFile; fileRef = 2A8A2F3D2C9251C900679783 /* AuthViewControllerDeligate.swift */; };
		2A9C046A2CCD873D00DCF02A /* ProfileViewTests.swift in Sources */ = {isa = PBXBuildFile; fileRef = 2A9C04692CCD873D00DCF02A /* ProfileViewTests.swift */; };
		2A9C046C2CCD89E000DCF02A /* ProfileViewPresenterSpy.swift in Sources */ = {isa = PBXBuildFile; fileRef = 2A9C046B2CCD89E000DCF02A /* ProfileViewPresenterSpy.swift */; };
		2A9C046E2CCD8F2900DCF02A /* ProfileViewControllerSpy.swift in Sources */ = {isa = PBXBuildFile; fileRef = 2A9C046D2CCD8F2900DCF02A /* ProfileViewControllerSpy.swift */; };
		2A9C04702CCDA15000DCF02A /* ProfileImageServiceStub.swift in Sources */ = {isa = PBXBuildFile; fileRef = 2A9C046F2CCDA15000DCF02A /* ProfileImageServiceStub.swift */; };
		2A9C04722CCDA20000DCF02A /* ProfileServiceStub.swift in Sources */ = {isa = PBXBuildFile; fileRef = 2A9C04712CCDA20000DCF02A /* ProfileServiceStub.swift */; };
		2A9C04742CCDA67800DCF02A /* ProfileLogoutServiceDummy.swift in Sources */ = {isa = PBXBuildFile; fileRef = 2A9C04732CCDA67800DCF02A /* ProfileLogoutServiceDummy.swift */; };
		2A9C04782CCE8EF300DCF02A /* ImageListViewPresenter.swift in Sources */ = {isa = PBXBuildFile; fileRef = 2A9C04772CCE8EF300DCF02A /* ImageListViewPresenter.swift */; };
		2A9C047A2CCE8F1300DCF02A /* ImageListViewPresenterProtocol.swift in Sources */ = {isa = PBXBuildFile; fileRef = 2A9C04792CCE8F1300DCF02A /* ImageListViewPresenterProtocol.swift */; };
		2A9C047C2CCEB58E00DCF02A /* ImageListServiceProtocol.swift in Sources */ = {isa = PBXBuildFile; fileRef = 2A9C047B2CCEB58E00DCF02A /* ImageListServiceProtocol.swift */; };
		2A9C047E2CCEBF7800DCF02A /* ImageListViewControllerProtocol.swift in Sources */ = {isa = PBXBuildFile; fileRef = 2A9C047D2CCEBF7800DCF02A /* ImageListViewControllerProtocol.swift */; };
		2A9C04842CCEEF6B00DCF02A /* ImageListViewTests.swift in Sources */ = {isa = PBXBuildFile; fileRef = 2A9C04832CCEEF6B00DCF02A /* ImageListViewTests.swift */; };
		2A9C04882CCEEF9B00DCF02A /* ImageListViewControllerSpy.swift in Sources */ = {isa = PBXBuildFile; fileRef = 2A9C04872CCEEF9B00DCF02A /* ImageListViewControllerSpy.swift */; };
		2A9C048A2CCEEFA900DCF02A /* ImageListViewPresenterSpy.swift in Sources */ = {isa = PBXBuildFile; fileRef = 2A9C04892CCEEFA900DCF02A /* ImageListViewPresenterSpy.swift */; };
		2A9C048C2CCF098D00DCF02A /* ImageListServiceSpy.swift in Sources */ = {isa = PBXBuildFile; fileRef = 2A9C048B2CCF098D00DCF02A /* ImageListServiceSpy.swift */; };
		2A9C048E2CCFEA3D00DCF02A /* ImageListCellProtocol.swift in Sources */ = {isa = PBXBuildFile; fileRef = 2A9C048D2CCFEA3D00DCF02A /* ImageListCellProtocol.swift */; };
		2A9C04902CCFEAE800DCF02A /* ImageListCellSpy.swift in Sources */ = {isa = PBXBuildFile; fileRef = 2A9C048F2CCFEAE800DCF02A /* ImageListCellSpy.swift */; };
		2A9C04922CCFF2AD00DCF02A /* ImageListCellDummy.swift in Sources */ = {isa = PBXBuildFile; fileRef = 2A9C04912CCFF2AD00DCF02A /* ImageListCellDummy.swift */; };
		2A9C049A2CD00C4F00DCF02A /* ImageFeedUITests.swift in Sources */ = {isa = PBXBuildFile; fileRef = 2A9C04992CD00C4F00DCF02A /* ImageFeedUITests.swift */; };
		2A9C049C2CD00C4F00DCF02A /* ImageFeedUITestsLaunchTests.swift in Sources */ = {isa = PBXBuildFile; fileRef = 2A9C049B2CD00C4F00DCF02A /* ImageFeedUITestsLaunchTests.swift */; };
		2ABA258E2CC55F1000121462 /* WebViewControllerProtocol.swift in Sources */ = {isa = PBXBuildFile; fileRef = 2ABA258D2CC55F1000121462 /* WebViewControllerProtocol.swift */; };
		2ABA25902CC55F4500121462 /* WebViewPresenterProtocol.swift in Sources */ = {isa = PBXBuildFile; fileRef = 2ABA258F2CC55F4500121462 /* WebViewPresenterProtocol.swift */; };
		2ABA25922CC5616900121462 /* WebViewPresenter.swift in Sources */ = {isa = PBXBuildFile; fileRef = 2ABA25912CC5616900121462 /* WebViewPresenter.swift */; };
		2ABA25952CC6D3AC00121462 /* AuthHelperProtocol.swift in Sources */ = {isa = PBXBuildFile; fileRef = 2ABA25942CC6D3AC00121462 /* AuthHelperProtocol.swift */; };
		2ABA25972CC712D300121462 /* AuthHelper.swift in Sources */ = {isa = PBXBuildFile; fileRef = 2ABA25962CC712D300121462 /* AuthHelper.swift */; };
		2ABA259F2CC83BFA00121462 /* WebViewTests.swift in Sources */ = {isa = PBXBuildFile; fileRef = 2ABA259E2CC83BFA00121462 /* WebViewTests.swift */; };
		2ABA25A62CC9443600121462 /* WebViewPresenterSpy.swift in Sources */ = {isa = PBXBuildFile; fileRef = 2ABA25A52CC9443600121462 /* WebViewPresenterSpy.swift */; };
		2ABA25A82CC9464600121462 /* WebViewControllerSpy.swift in Sources */ = {isa = PBXBuildFile; fileRef = 2ABA25A72CC9464600121462 /* WebViewControllerSpy.swift */; };
		2ABA25AA2CC957D600121462 /* ProfileViewPresenter.swift in Sources */ = {isa = PBXBuildFile; fileRef = 2ABA25A92CC957D600121462 /* ProfileViewPresenter.swift */; };
		2ABA25AC2CC957E500121462 /* ProfileViewControllerProtocol.swift in Sources */ = {isa = PBXBuildFile; fileRef = 2ABA25AB2CC957E500121462 /* ProfileViewControllerProtocol.swift */; };
		2ABA25AE2CC957F400121462 /* ProfileViewPresenterProtocol.swift in Sources */ = {isa = PBXBuildFile; fileRef = 2ABA25AD2CC957F400121462 /* ProfileViewPresenterProtocol.swift */; };
		2ABA25DA2CCD18D200121462 /* ProfileServiceProtocol.swift in Sources */ = {isa = PBXBuildFile; fileRef = 2ABA25D92CCD18D200121462 /* ProfileServiceProtocol.swift */; };
		2ABA25DC2CCD305900121462 /* ProfileImageServiceProtocol.swift in Sources */ = {isa = PBXBuildFile; fileRef = 2ABA25DB2CCD305900121462 /* ProfileImageServiceProtocol.swift */; };
		2ABA25DE2CCD383A00121462 /* ProfileLogoutServiceProtocol.swift in Sources */ = {isa = PBXBuildFile; fileRef = 2ABA25DD2CCD383A00121462 /* ProfileLogoutServiceProtocol.swift */; };
/* End PBXBuildFile section */

/* Begin PBXContainerItemProxy section */
		2A9C049D2CD00C4F00DCF02A /* PBXContainerItemProxy */ = {
			isa = PBXContainerItemProxy;
			containerPortal = 2A432E282C61591600018D50 /* Project object */;
			proxyType = 1;
			remoteGlobalIDString = 2A432E2F2C61591600018D50;
			remoteInfo = ImageFeed;
		};
		2ABA25A02CC83BFA00121462 /* PBXContainerItemProxy */ = {
			isa = PBXContainerItemProxy;
			containerPortal = 2A432E282C61591600018D50 /* Project object */;
			proxyType = 1;
			remoteGlobalIDString = 2A432E2F2C61591600018D50;
			remoteInfo = ImageFeed;
		};
/* End PBXContainerItemProxy section */

/* Begin PBXFileReference section */
		2A41E7E32CB464B6006891E5 /* SelectedPhotoResult.swift */ = {isa = PBXFileReference; lastKnownFileType = sourcecode.swift; path = SelectedPhotoResult.swift; sourceTree = "<group>"; };
		2A41E7E52CB473D4006891E5 /* ImageListCellDelegate.swift */ = {isa = PBXFileReference; lastKnownFileType = sourcecode.swift; path = ImageListCellDelegate.swift; sourceTree = "<group>"; };
		2A41E7E72CB4AC6B006891E5 /* ImageListCell.swift */ = {isa = PBXFileReference; lastKnownFileType = sourcecode.swift; path = ImageListCell.swift; sourceTree = "<group>"; };
		2A41E7E92CB55206006891E5 /* Array+Extentions.swift */ = {isa = PBXFileReference; lastKnownFileType = sourcecode.swift; path = "Array+Extentions.swift"; sourceTree = "<group>"; };
		2A41E7ED2CB59656006891E5 /* CustomIndicator.swift */ = {isa = PBXFileReference; lastKnownFileType = sourcecode.swift; path = CustomIndicator.swift; sourceTree = "<group>"; };
		2A41E7EF2CB6C43B006891E5 /* ProfileLogoutService.swift */ = {isa = PBXFileReference; lastKnownFileType = sourcecode.swift; path = ProfileLogoutService.swift; sourceTree = "<group>"; };
		2A432E302C61591600018D50 /* ImageFeed.app */ = {isa = PBXFileReference; explicitFileType = wrapper.application; includeInIndex = 0; path = ImageFeed.app; sourceTree = BUILT_PRODUCTS_DIR; };
		2A432E332C61591600018D50 /* AppDelegate.swift */ = {isa = PBXFileReference; lastKnownFileType = sourcecode.swift; path = AppDelegate.swift; sourceTree = "<group>"; };
		2A432E352C61591600018D50 /* SceneDelegate.swift */ = {isa = PBXFileReference; lastKnownFileType = sourcecode.swift; path = SceneDelegate.swift; sourceTree = "<group>"; };
		2A432E372C61591600018D50 /* ImageListViewController.swift */ = {isa = PBXFileReference; lastKnownFileType = sourcecode.swift; path = ImageListViewController.swift; sourceTree = "<group>"; };
		2A432E3A2C61591600018D50 /* Base */ = {isa = PBXFileReference; lastKnownFileType = file.storyboard; name = Base; path = Base.lproj/Main.storyboard; sourceTree = "<group>"; };
		2A432E3C2C61591700018D50 /* Assets.xcassets */ = {isa = PBXFileReference; lastKnownFileType = folder.assetcatalog; path = Assets.xcassets; sourceTree = "<group>"; };
		2A432E3F2C61591700018D50 /* Base */ = {isa = PBXFileReference; lastKnownFileType = file.storyboard; name = Base; path = Base.lproj/LaunchScreen.storyboard; sourceTree = "<group>"; };
		2A432E412C61591700018D50 /* Info.plist */ = {isa = PBXFileReference; lastKnownFileType = text.plist.xml; path = Info.plist; sourceTree = "<group>"; };
		2A432E9F2C6952F900018D50 /* ImageListCellOld.swift */ = {isa = PBXFileReference; lastKnownFileType = sourcecode.swift; path = ImageListCellOld.swift; sourceTree = "<group>"; };
		2A432EA42C69CB7000018D50 /* GradientView.swift */ = {isa = PBXFileReference; lastKnownFileType = sourcecode.swift; path = GradientView.swift; sourceTree = "<group>"; };
		2A432EA82C6E6EA300018D50 /* ProfileViewController.swift */ = {isa = PBXFileReference; lastKnownFileType = sourcecode.swift; path = ProfileViewController.swift; sourceTree = "<group>"; };
		2A432EAA2C737ECC00018D50 /* SingleImageViewController.swift */ = {isa = PBXFileReference; lastKnownFileType = sourcecode.swift; path = SingleImageViewController.swift; sourceTree = "<group>"; };
		2A433DE72CA0E00B007C4524 /* UIBlockingProgressHUD.swift */ = {isa = PBXFileReference; lastKnownFileType = sourcecode.swift; path = UIBlockingProgressHUD.swift; sourceTree = "<group>"; };
		2A433DE92CA1B5F4007C4524 /* ProfileService.swift */ = {isa = PBXFileReference; lastKnownFileType = sourcecode.swift; path = ProfileService.swift; sourceTree = "<group>"; };
		2A433DEB2CA2E5EE007C4524 /* ProfileImageService.swift */ = {isa = PBXFileReference; lastKnownFileType = sourcecode.swift; path = ProfileImageService.swift; sourceTree = "<group>"; };
		2A433DEF2CA5A858007C4524 /* URLSession+Extentions.swift */ = {isa = PBXFileReference; lastKnownFileType = sourcecode.swift; path = "URLSession+Extentions.swift"; sourceTree = "<group>"; };
		2A433DF12CA5AC79007C4524 /* JSONDecoder+Extentions.swift */ = {isa = PBXFileReference; lastKnownFileType = sourcecode.swift; path = "JSONDecoder+Extentions.swift"; sourceTree = "<group>"; };
		2A433DFA2CAA2828007C4524 /* TabBarController.swift */ = {isa = PBXFileReference; lastKnownFileType = sourcecode.swift; path = TabBarController.swift; sourceTree = "<group>"; };
		2A433DFF2CAEFB1F007C4524 /* ProfileResult.swift */ = {isa = PBXFileReference; lastKnownFileType = sourcecode.swift; path = ProfileResult.swift; sourceTree = "<group>"; };
		2A433E012CAEFB38007C4524 /* Profile.swift */ = {isa = PBXFileReference; lastKnownFileType = sourcecode.swift; path = Profile.swift; sourceTree = "<group>"; };
		2A433E032CAEFB69007C4524 /* UserResult.swift */ = {isa = PBXFileReference; lastKnownFileType = sourcecode.swift; path = UserResult.swift; sourceTree = "<group>"; };
		2A433E052CAEFB88007C4524 /* ProfileImage.swift */ = {isa = PBXFileReference; lastKnownFileType = sourcecode.swift; path = ProfileImage.swift; sourceTree = "<group>"; };
		2A433E072CAF0034007C4524 /* ImageListService.swift */ = {isa = PBXFileReference; lastKnownFileType = sourcecode.swift; path = ImageListService.swift; sourceTree = "<group>"; };
		2A433E092CAF0061007C4524 /* Photo.swift */ = {isa = PBXFileReference; lastKnownFileType = sourcecode.swift; path = Photo.swift; sourceTree = "<group>"; };
		2A433E0B2CAF32DF007C4524 /* UrlsResult.swift */ = {isa = PBXFileReference; lastKnownFileType = sourcecode.swift; path = UrlsResult.swift; sourceTree = "<group>"; };
		2A433E0D2CAFFB42007C4524 /* PhotoResult.swift */ = {isa = PBXFileReference; lastKnownFileType = sourcecode.swift; path = PhotoResult.swift; sourceTree = "<group>"; };
		2A433E112CB026D1007C4524 /* URLRequest+Extentions.swift */ = {isa = PBXFileReference; lastKnownFileType = sourcecode.swift; path = "URLRequest+Extentions.swift"; sourceTree = "<group>"; };
		2A86EB2F2C80C7CF00D4368C /* AuthConfiguration.swift */ = {isa = PBXFileReference; lastKnownFileType = sourcecode.swift; path = AuthConfiguration.swift; sourceTree = "<group>"; };
		2A86EB312C864CAE00D4368C /* AuthViewController.swift */ = {isa = PBXFileReference; lastKnownFileType = sourcecode.swift; path = AuthViewController.swift; sourceTree = "<group>"; };
		2A86EB372C872DD000D4368C /* WebViewController.swift */ = {isa = PBXFileReference; lastKnownFileType = sourcecode.swift; path = WebViewController.swift; sourceTree = "<group>"; };
		2A86EB3A2C874DCF00D4368C /* WebViewControllerDelegate.swift */ = {isa = PBXFileReference; lastKnownFileType = sourcecode.swift; path = WebViewControllerDelegate.swift; sourceTree = "<group>"; };
		2A86EB3C2C8B171800D4368C /* OAuth2Service.swift */ = {isa = PBXFileReference; lastKnownFileType = sourcecode.swift; path = OAuth2Service.swift; sourceTree = "<group>"; };
		2A8A2F362C91E67F00679783 /* OAuthTokenResponseBody.swift */ = {isa = PBXFileReference; lastKnownFileType = sourcecode.swift; path = OAuthTokenResponseBody.swift; sourceTree = "<group>"; };
		2A8A2F382C91F86C00679783 /* OAuthTokenStorage.swift */ = {isa = PBXFileReference; lastKnownFileType = sourcecode.swift; path = OAuthTokenStorage.swift; sourceTree = "<group>"; };
		2A8A2F3B2C924EEB00679783 /* SplashViewController.swift */ = {isa = PBXFileReference; lastKnownFileType = sourcecode.swift; path = SplashViewController.swift; sourceTree = "<group>"; };
		2A8A2F3D2C9251C900679783 /* AuthViewControllerDeligate.swift */ = {isa = PBXFileReference; lastKnownFileType = sourcecode.swift; path = AuthViewControllerDeligate.swift; sourceTree = "<group>"; };
		2A9C04692CCD873D00DCF02A /* ProfileViewTests.swift */ = {isa = PBXFileReference; lastKnownFileType = sourcecode.swift; path = ProfileViewTests.swift; sourceTree = "<group>"; };
		2A9C046B2CCD89E000DCF02A /* ProfileViewPresenterSpy.swift */ = {isa = PBXFileReference; lastKnownFileType = sourcecode.swift; path = ProfileViewPresenterSpy.swift; sourceTree = "<group>"; };
		2A9C046D2CCD8F2900DCF02A /* ProfileViewControllerSpy.swift */ = {isa = PBXFileReference; lastKnownFileType = sourcecode.swift; path = ProfileViewControllerSpy.swift; sourceTree = "<group>"; };
		2A9C046F2CCDA15000DCF02A /* ProfileImageServiceStub.swift */ = {isa = PBXFileReference; lastKnownFileType = sourcecode.swift; path = ProfileImageServiceStub.swift; sourceTree = "<group>"; };
		2A9C04712CCDA20000DCF02A /* ProfileServiceStub.swift */ = {isa = PBXFileReference; lastKnownFileType = sourcecode.swift; path = ProfileServiceStub.swift; sourceTree = "<group>"; };
		2A9C04732CCDA67800DCF02A /* ProfileLogoutServiceDummy.swift */ = {isa = PBXFileReference; lastKnownFileType = sourcecode.swift; path = ProfileLogoutServiceDummy.swift; sourceTree = "<group>"; };
		2A9C04772CCE8EF300DCF02A /* ImageListViewPresenter.swift */ = {isa = PBXFileReference; lastKnownFileType = sourcecode.swift; path = ImageListViewPresenter.swift; sourceTree = "<group>"; };
		2A9C04792CCE8F1300DCF02A /* ImageListViewPresenterProtocol.swift */ = {isa = PBXFileReference; lastKnownFileType = sourcecode.swift; path = ImageListViewPresenterProtocol.swift; sourceTree = "<group>"; };
		2A9C047B2CCEB58E00DCF02A /* ImageListServiceProtocol.swift */ = {isa = PBXFileReference; lastKnownFileType = sourcecode.swift; path = ImageListServiceProtocol.swift; sourceTree = "<group>"; };
		2A9C047D2CCEBF7800DCF02A /* ImageListViewControllerProtocol.swift */ = {isa = PBXFileReference; lastKnownFileType = sourcecode.swift; path = ImageListViewControllerProtocol.swift; sourceTree = "<group>"; };
		2A9C04832CCEEF6B00DCF02A /* ImageListViewTests.swift */ = {isa = PBXFileReference; lastKnownFileType = sourcecode.swift; path = ImageListViewTests.swift; sourceTree = "<group>"; };
		2A9C04872CCEEF9B00DCF02A /* ImageListViewControllerSpy.swift */ = {isa = PBXFileReference; lastKnownFileType = sourcecode.swift; path = ImageListViewControllerSpy.swift; sourceTree = "<group>"; };
		2A9C04892CCEEFA900DCF02A /* ImageListViewPresenterSpy.swift */ = {isa = PBXFileReference; lastKnownFileType = sourcecode.swift; path = ImageListViewPresenterSpy.swift; sourceTree = "<group>"; };
		2A9C048B2CCF098D00DCF02A /* ImageListServiceSpy.swift */ = {isa = PBXFileReference; lastKnownFileType = sourcecode.swift; path = ImageListServiceSpy.swift; sourceTree = "<group>"; };
		2A9C048D2CCFEA3D00DCF02A /* ImageListCellProtocol.swift */ = {isa = PBXFileReference; lastKnownFileType = sourcecode.swift; path = ImageListCellProtocol.swift; sourceTree = "<group>"; };
		2A9C048F2CCFEAE800DCF02A /* ImageListCellSpy.swift */ = {isa = PBXFileReference; lastKnownFileType = sourcecode.swift; path = ImageListCellSpy.swift; sourceTree = "<group>"; };
		2A9C04912CCFF2AD00DCF02A /* ImageListCellDummy.swift */ = {isa = PBXFileReference; lastKnownFileType = sourcecode.swift; path = ImageListCellDummy.swift; sourceTree = "<group>"; };
		2A9C04972CD00C4E00DCF02A /* ImageFeedUITests.xctest */ = {isa = PBXFileReference; explicitFileType = wrapper.cfbundle; includeInIndex = 0; path = ImageFeedUITests.xctest; sourceTree = BUILT_PRODUCTS_DIR; };
		2A9C04992CD00C4F00DCF02A /* ImageFeedUITests.swift */ = {isa = PBXFileReference; lastKnownFileType = sourcecode.swift; path = ImageFeedUITests.swift; sourceTree = "<group>"; };
		2A9C049B2CD00C4F00DCF02A /* ImageFeedUITestsLaunchTests.swift */ = {isa = PBXFileReference; lastKnownFileType = sourcecode.swift; path = ImageFeedUITestsLaunchTests.swift; sourceTree = "<group>"; };
		2ABA258D2CC55F1000121462 /* WebViewControllerProtocol.swift */ = {isa = PBXFileReference; lastKnownFileType = sourcecode.swift; path = WebViewControllerProtocol.swift; sourceTree = "<group>"; };
		2ABA258F2CC55F4500121462 /* WebViewPresenterProtocol.swift */ = {isa = PBXFileReference; lastKnownFileType = sourcecode.swift; path = WebViewPresenterProtocol.swift; sourceTree = "<group>"; };
		2ABA25912CC5616900121462 /* WebViewPresenter.swift */ = {isa = PBXFileReference; lastKnownFileType = sourcecode.swift; path = WebViewPresenter.swift; sourceTree = "<group>"; };
		2ABA25942CC6D3AC00121462 /* AuthHelperProtocol.swift */ = {isa = PBXFileReference; lastKnownFileType = sourcecode.swift; path = AuthHelperProtocol.swift; sourceTree = "<group>"; };
		2ABA25962CC712D300121462 /* AuthHelper.swift */ = {isa = PBXFileReference; lastKnownFileType = sourcecode.swift; path = AuthHelper.swift; sourceTree = "<group>"; };
		2ABA259C2CC83BFA00121462 /* ImageFeedTests.xctest */ = {isa = PBXFileReference; explicitFileType = wrapper.cfbundle; includeInIndex = 0; path = ImageFeedTests.xctest; sourceTree = BUILT_PRODUCTS_DIR; };
		2ABA259E2CC83BFA00121462 /* WebViewTests.swift */ = {isa = PBXFileReference; lastKnownFileType = sourcecode.swift; path = WebViewTests.swift; sourceTree = "<group>"; };
		2ABA25A52CC9443600121462 /* WebViewPresenterSpy.swift */ = {isa = PBXFileReference; lastKnownFileType = sourcecode.swift; path = WebViewPresenterSpy.swift; sourceTree = "<group>"; };
		2ABA25A72CC9464600121462 /* WebViewControllerSpy.swift */ = {isa = PBXFileReference; lastKnownFileType = sourcecode.swift; path = WebViewControllerSpy.swift; sourceTree = "<group>"; };
		2ABA25A92CC957D600121462 /* ProfileViewPresenter.swift */ = {isa = PBXFileReference; lastKnownFileType = sourcecode.swift; path = ProfileViewPresenter.swift; sourceTree = "<group>"; };
		2ABA25AB2CC957E500121462 /* ProfileViewControllerProtocol.swift */ = {isa = PBXFileReference; lastKnownFileType = sourcecode.swift; path = ProfileViewControllerProtocol.swift; sourceTree = "<group>"; };
		2ABA25AD2CC957F400121462 /* ProfileViewPresenterProtocol.swift */ = {isa = PBXFileReference; lastKnownFileType = sourcecode.swift; path = ProfileViewPresenterProtocol.swift; sourceTree = "<group>"; };
		2ABA25D92CCD18D200121462 /* ProfileServiceProtocol.swift */ = {isa = PBXFileReference; lastKnownFileType = sourcecode.swift; path = ProfileServiceProtocol.swift; sourceTree = "<group>"; };
		2ABA25DB2CCD305900121462 /* ProfileImageServiceProtocol.swift */ = {isa = PBXFileReference; lastKnownFileType = sourcecode.swift; path = ProfileImageServiceProtocol.swift; sourceTree = "<group>"; };
		2ABA25DD2CCD383A00121462 /* ProfileLogoutServiceProtocol.swift */ = {isa = PBXFileReference; lastKnownFileType = sourcecode.swift; path = ProfileLogoutServiceProtocol.swift; sourceTree = "<group>"; };
/* End PBXFileReference section */

/* Begin PBXFrameworksBuildPhase section */
		2A432E2D2C61591600018D50 /* Frameworks */ = {
			isa = PBXFrameworksBuildPhase;
			buildActionMask = 2147483647;
			files = (
				2A433DF52CA9AA50007C4524 /* Kingfisher in Frameworks */,
				2A433DE62C9A1274007C4524 /* ProgressHUD in Frameworks */,
				2A433DF82CAA19F9007C4524 /* SwiftKeychainWrapper in Frameworks */,
			);
			runOnlyForDeploymentPostprocessing = 0;
		};
		2A9C04942CD00C4E00DCF02A /* Frameworks */ = {
			isa = PBXFrameworksBuildPhase;
			buildActionMask = 2147483647;
			files = (
			);
			runOnlyForDeploymentPostprocessing = 0;
		};
		2ABA25992CC83BFA00121462 /* Frameworks */ = {
			isa = PBXFrameworksBuildPhase;
			buildActionMask = 2147483647;
			files = (
			);
			runOnlyForDeploymentPostprocessing = 0;
		};
/* End PBXFrameworksBuildPhase section */

/* Begin PBXGroup section */
		2A432E272C61591600018D50 = {
			isa = PBXGroup;
			children = (
				2A432E322C61591600018D50 /* ImageFeed */,
				2ABA259D2CC83BFA00121462 /* ImageFeedTests */,
				2A9C04982CD00C4F00DCF02A /* ImageFeedUITests */,
				2A432E312C61591600018D50 /* Products */,
			);
			sourceTree = "<group>";
		};
		2A432E312C61591600018D50 /* Products */ = {
			isa = PBXGroup;
			children = (
				2A432E302C61591600018D50 /* ImageFeed.app */,
				2ABA259C2CC83BFA00121462 /* ImageFeedTests.xctest */,
				2A9C04972CD00C4E00DCF02A /* ImageFeedUITests.xctest */,
			);
			name = Products;
			sourceTree = "<group>";
		};
		2A432E322C61591600018D50 /* ImageFeed */ = {
			isa = PBXGroup;
			children = (
				2A433DFE2CAEFAA4007C4524 /* Models */,
				2A433DF92CAA2811007C4524 /* TabBar */,
				2A433DEE2CA4D511007C4524 /* Extentions */,
				2A433DED2CA2E606007C4524 /* Services */,
				2A8A2F3A2C924ED700679783 /* Splash */,
				2A432EA12C69532600018D50 /* ImageList */,
				2A86EB2D2C7C93D300D4368C /* Profile */,
				2A86EB2E2C7C93E600D4368C /* SingleImage */,
				2A8A2F3F2C9251DF00679783 /* OAuth */,
				2A86EB332C864CC000D4368C /* AuthView */,
				2A8A2F402C92520400679783 /* WebView */,
				2ABA25932CC6D38600121462 /* Auth */,
				2A432E332C61591600018D50 /* AppDelegate.swift */,
				2A432E352C61591600018D50 /* SceneDelegate.swift */,
				2A432E392C61591600018D50 /* Main.storyboard */,
				2A432E3C2C61591700018D50 /* Assets.xcassets */,
				2A432E3E2C61591700018D50 /* LaunchScreen.storyboard */,
				2A432E412C61591700018D50 /* Info.plist */,
				2A432EA42C69CB7000018D50 /* GradientView.swift */,
				2A433DE72CA0E00B007C4524 /* UIBlockingProgressHUD.swift */,
				2A41E7ED2CB59656006891E5 /* CustomIndicator.swift */,
			);
			path = ImageFeed;
			sourceTree = "<group>";
		};
		2A432EA12C69532600018D50 /* ImageList */ = {
			isa = PBXGroup;
			children = (
				2AAEC3EE2CD0883B003143E8 /* Controller */,
				2AAEC3EF2CD08859003143E8 /* Presenter */,
				2AAEC3F02CD08867003143E8 /* Cell */,
			);
			path = ImageList;
			sourceTree = "<group>";
		};
		2A433DED2CA2E606007C4524 /* Services */ = {
			isa = PBXGroup;
			children = (
				2ABA25E22CCD393400121462 /* ImageListService */,
				2ABA25DF2CCD38EE00121462 /* ProfileService */,
				2ABA25E02CCD390000121462 /* ProfileImageService */,
				2ABA25E12CCD391B00121462 /* ProfileLogoutService */,
			);
			path = Services;
			sourceTree = "<group>";
		};
		2A433DEE2CA4D511007C4524 /* Extentions */ = {
			isa = PBXGroup;
			children = (
				2A433DEF2CA5A858007C4524 /* URLSession+Extentions.swift */,
				2A433DF12CA5AC79007C4524 /* JSONDecoder+Extentions.swift */,
				2A433E112CB026D1007C4524 /* URLRequest+Extentions.swift */,
				2A41E7E92CB55206006891E5 /* Array+Extentions.swift */,
			);
			path = Extentions;
			sourceTree = "<group>";
		};
		2A433DF92CAA2811007C4524 /* TabBar */ = {
			isa = PBXGroup;
			children = (
				2A433DFA2CAA2828007C4524 /* TabBarController.swift */,
			);
			path = TabBar;
			sourceTree = "<group>";
		};
		2A433DFE2CAEFAA4007C4524 /* Models */ = {
			isa = PBXGroup;
			children = (
				2A433DFF2CAEFB1F007C4524 /* ProfileResult.swift */,
				2A433E012CAEFB38007C4524 /* Profile.swift */,
				2A433E032CAEFB69007C4524 /* UserResult.swift */,
				2A433E052CAEFB88007C4524 /* ProfileImage.swift */,
				2A433E092CAF0061007C4524 /* Photo.swift */,
				2A433E0B2CAF32DF007C4524 /* UrlsResult.swift */,
				2A433E0D2CAFFB42007C4524 /* PhotoResult.swift */,
				2A41E7E32CB464B6006891E5 /* SelectedPhotoResult.swift */,
			);
			path = Models;
			sourceTree = "<group>";
		};
		2A86EB2D2C7C93D300D4368C /* Profile */ = {
			isa = PBXGroup;
			children = (
				2AAEC3F12CD08879003143E8 /* Controller */,
				2AAEC3F22CD08885003143E8 /* Presenter */,
			);
			path = Profile;
			sourceTree = "<group>";
		};
		2A86EB2E2C7C93E600D4368C /* SingleImage */ = {
			isa = PBXGroup;
			children = (
				2A432EAA2C737ECC00018D50 /* SingleImageViewController.swift */,
			);
			path = SingleImage;
			sourceTree = "<group>";
		};
		2A86EB332C864CC000D4368C /* AuthView */ = {
			isa = PBXGroup;
			children = (
				2A86EB312C864CAE00D4368C /* AuthViewController.swift */,
				2A8A2F3D2C9251C900679783 /* AuthViewControllerDeligate.swift */,
			);
			path = AuthView;
			sourceTree = "<group>";
		};
		2A8A2F3A2C924ED700679783 /* Splash */ = {
			isa = PBXGroup;
			children = (
				2A8A2F3B2C924EEB00679783 /* SplashViewController.swift */,
			);
			path = Splash;
			sourceTree = "<group>";
		};
		2A8A2F3F2C9251DF00679783 /* OAuth */ = {
			isa = PBXGroup;
			children = (
				2A86EB3C2C8B171800D4368C /* OAuth2Service.swift */,
				2A8A2F362C91E67F00679783 /* OAuthTokenResponseBody.swift */,
				2A8A2F382C91F86C00679783 /* OAuthTokenStorage.swift */,
			);
			path = OAuth;
			sourceTree = "<group>";
		};
		2A8A2F402C92520400679783 /* WebView */ = {
			isa = PBXGroup;
			children = (
				2A9C04762CCE8D9F00DCF02A /* WebViewPresenter */,
				2A9C04752CCE8D8700DCF02A /* WebViewController */,
			);
			path = WebView;
			sourceTree = "<group>";
		};
		2A9C04672CCD870A00DCF02A /* WebViewTests */ = {
			isa = PBXGroup;
			children = (
				2ABA259E2CC83BFA00121462 /* WebViewTests.swift */,
				2AAEC3FA2CD0891D003143E8 /* Spies */,
			);
			path = WebViewTests;
			sourceTree = "<group>";
		};
		2A9C04682CCD872300DCF02A /* ProfileViewTests */ = {
			isa = PBXGroup;
			children = (
				2A9C04692CCD873D00DCF02A /* ProfileViewTests.swift */,
				2AAEC3F92CD0890B003143E8 /* Dummies */,
				2AAEC3F82CD088FF003143E8 /* Stubs */,
				2AAEC3F72CD088F3003143E8 /* Spies */,
			);
			path = ProfileViewTests;
			sourceTree = "<group>";
		};
		2A9C04752CCE8D8700DCF02A /* WebViewController */ = {
			isa = PBXGroup;
			children = (
				2A86EB372C872DD000D4368C /* WebViewController.swift */,
				2A86EB3A2C874DCF00D4368C /* WebViewControllerDelegate.swift */,
				2ABA258D2CC55F1000121462 /* WebViewControllerProtocol.swift */,
			);
			path = WebViewController;
			sourceTree = "<group>";
		};
		2A9C04762CCE8D9F00DCF02A /* WebViewPresenter */ = {
			isa = PBXGroup;
			children = (
				2ABA25912CC5616900121462 /* WebViewPresenter.swift */,
				2ABA258F2CC55F4500121462 /* WebViewPresenterProtocol.swift */,
			);
			path = WebViewPresenter;
			sourceTree = "<group>";
		};
		2A9C04852CCEEF7100DCF02A /* ImageListViewTests */ = {
			isa = PBXGroup;
			children = (
				2A9C04832CCEEF6B00DCF02A /* ImageListViewTests.swift */,
				2AAEC3F62CD088E0003143E8 /* Dummies */,
				2AAEC3F52CD088CB003143E8 /* Spies */,
			);
			path = ImageListViewTests;
			sourceTree = "<group>";
		};
		2A9C04982CD00C4F00DCF02A /* ImageFeedUITests */ = {
			isa = PBXGroup;
			children = (
				2A9C04992CD00C4F00DCF02A /* ImageFeedUITests.swift */,
				2A9C049B2CD00C4F00DCF02A /* ImageFeedUITestsLaunchTests.swift */,
			);
			path = ImageFeedUITests;
			sourceTree = "<group>";
		};
		2AAEC3EE2CD0883B003143E8 /* Controller */ = {
			isa = PBXGroup;
			children = (
				2A432E372C61591600018D50 /* ImageListViewController.swift */,
				2A9C047D2CCEBF7800DCF02A /* ImageListViewControllerProtocol.swift */,
			);
			path = Controller;
			sourceTree = "<group>";
		};
		2AAEC3EF2CD08859003143E8 /* Presenter */ = {
			isa = PBXGroup;
			children = (
				2A9C04772CCE8EF300DCF02A /* ImageListViewPresenter.swift */,
				2A9C04792CCE8F1300DCF02A /* ImageListViewPresenterProtocol.swift */,
			);
			path = Presenter;
			sourceTree = "<group>";
		};
		2AAEC3F02CD08867003143E8 /* Cell */ = {
			isa = PBXGroup;
			children = (
				2A41E7E72CB4AC6B006891E5 /* ImageListCell.swift */,
				2A432E9F2C6952F900018D50 /* ImageListCellOld.swift */,
				2A41E7E52CB473D4006891E5 /* ImageListCellDelegate.swift */,
				2A9C048D2CCFEA3D00DCF02A /* ImageListCellProtocol.swift */,
			);
			path = Cell;
			sourceTree = "<group>";
		};
		2AAEC3F12CD08879003143E8 /* Controller */ = {
			isa = PBXGroup;
			children = (
				2A432EA82C6E6EA300018D50 /* ProfileViewController.swift */,
				2ABA25AB2CC957E500121462 /* ProfileViewControllerProtocol.swift */,
			);
			path = Controller;
			sourceTree = "<group>";
		};
		2AAEC3F22CD08885003143E8 /* Presenter */ = {
			isa = PBXGroup;
			children = (
				2ABA25A92CC957D600121462 /* ProfileViewPresenter.swift */,
				2ABA25AD2CC957F400121462 /* ProfileViewPresenterProtocol.swift */,
			);
			path = Presenter;
			sourceTree = "<group>";
		};
		2AAEC3F32CD088AF003143E8 /* Helper */ = {
			isa = PBXGroup;
			children = (
				2ABA25962CC712D300121462 /* AuthHelper.swift */,
				2ABA25942CC6D3AC00121462 /* AuthHelperProtocol.swift */,
			);
			path = Helper;
			sourceTree = "<group>";
		};
		2AAEC3F42CD088BB003143E8 /* Configuration */ = {
			isa = PBXGroup;
			children = (
				2A86EB2F2C80C7CF00D4368C /* AuthConfiguration.swift */,
			);
			path = Configuration;
			sourceTree = "<group>";
		};
		2AAEC3F52CD088CB003143E8 /* Spies */ = {
			isa = PBXGroup;
			children = (
				2A9C048B2CCF098D00DCF02A /* ImageListServiceSpy.swift */,
				2A9C04872CCEEF9B00DCF02A /* ImageListViewControllerSpy.swift */,
				2A9C04892CCEEFA900DCF02A /* ImageListViewPresenterSpy.swift */,
				2A9C048F2CCFEAE800DCF02A /* ImageListCellSpy.swift */,
			);
			path = Spies;
			sourceTree = "<group>";
		};
		2AAEC3F62CD088E0003143E8 /* Dummies */ = {
			isa = PBXGroup;
			children = (
				2A9C04912CCFF2AD00DCF02A /* ImageListCellDummy.swift */,
			);
			path = Dummies;
			sourceTree = "<group>";
		};
		2AAEC3F72CD088F3003143E8 /* Spies */ = {
			isa = PBXGroup;
			children = (
				2A9C046B2CCD89E000DCF02A /* ProfileViewPresenterSpy.swift */,
				2A9C046D2CCD8F2900DCF02A /* ProfileViewControllerSpy.swift */,
			);
			path = Spies;
			sourceTree = "<group>";
		};
		2AAEC3F82CD088FF003143E8 /* Stubs */ = {
			isa = PBXGroup;
			children = (
				2A9C046F2CCDA15000DCF02A /* ProfileImageServiceStub.swift */,
				2A9C04712CCDA20000DCF02A /* ProfileServiceStub.swift */,
			);
			path = Stubs;
			sourceTree = "<group>";
		};
		2AAEC3F92CD0890B003143E8 /* Dummies */ = {
			isa = PBXGroup;
			children = (
				2A9C04732CCDA67800DCF02A /* ProfileLogoutServiceDummy.swift */,
			);
			path = Dummies;
			sourceTree = "<group>";
		};
		2AAEC3FA2CD0891D003143E8 /* Spies */ = {
			isa = PBXGroup;
			children = (
				2ABA25A52CC9443600121462 /* WebViewPresenterSpy.swift */,
				2ABA25A72CC9464600121462 /* WebViewControllerSpy.swift */,
			);
			path = Spies;
			sourceTree = "<group>";
		};
		2ABA25932CC6D38600121462 /* Auth */ = {
			isa = PBXGroup;
			children = (
				2AAEC3F42CD088BB003143E8 /* Configuration */,
				2AAEC3F32CD088AF003143E8 /* Helper */,
			);
			path = Auth;
			sourceTree = "<group>";
		};
		2ABA259D2CC83BFA00121462 /* ImageFeedTests */ = {
			isa = PBXGroup;
			children = (
				2A9C04852CCEEF7100DCF02A /* ImageListViewTests */,
				2A9C04682CCD872300DCF02A /* ProfileViewTests */,
				2A9C04672CCD870A00DCF02A /* WebViewTests */,
			);
			path = ImageFeedTests;
			sourceTree = "<group>";
		};
		2ABA25DF2CCD38EE00121462 /* ProfileService */ = {
			isa = PBXGroup;
			children = (
				2A433DE92CA1B5F4007C4524 /* ProfileService.swift */,
				2ABA25D92CCD18D200121462 /* ProfileServiceProtocol.swift */,
			);
			path = ProfileService;
			sourceTree = "<group>";
		};
		2ABA25E02CCD390000121462 /* ProfileImageService */ = {
			isa = PBXGroup;
			children = (
				2A433DEB2CA2E5EE007C4524 /* ProfileImageService.swift */,
				2ABA25DB2CCD305900121462 /* ProfileImageServiceProtocol.swift */,
			);
			path = ProfileImageService;
			sourceTree = "<group>";
		};
		2ABA25E12CCD391B00121462 /* ProfileLogoutService */ = {
			isa = PBXGroup;
			children = (
				2A41E7EF2CB6C43B006891E5 /* ProfileLogoutService.swift */,
				2ABA25DD2CCD383A00121462 /* ProfileLogoutServiceProtocol.swift */,
			);
			path = ProfileLogoutService;
			sourceTree = "<group>";
		};
		2ABA25E22CCD393400121462 /* ImageListService */ = {
			isa = PBXGroup;
			children = (
				2A433E072CAF0034007C4524 /* ImageListService.swift */,
				2A9C047B2CCEB58E00DCF02A /* ImageListServiceProtocol.swift */,
			);
			path = ImageListService;
			sourceTree = "<group>";
		};
/* End PBXGroup section */

/* Begin PBXNativeTarget section */
		2A432E2F2C61591600018D50 /* ImageFeed */ = {
			isa = PBXNativeTarget;
			buildConfigurationList = 2A432E5A2C61591700018D50 /* Build configuration list for PBXNativeTarget "ImageFeed" */;
			buildPhases = (
				2A432E2C2C61591600018D50 /* Sources */,
				2A432E2D2C61591600018D50 /* Frameworks */,
				2A432E2E2C61591600018D50 /* Resources */,
			);
			buildRules = (
			);
			dependencies = (
			);
			name = ImageFeed;
			packageProductDependencies = (
				2A433DE52C9A1274007C4524 /* ProgressHUD */,
				2A433DF42CA9AA50007C4524 /* Kingfisher */,
				2A433DF72CAA19F9007C4524 /* SwiftKeychainWrapper */,
			);
			productName = ImageFeed;
			productReference = 2A432E302C61591600018D50 /* ImageFeed.app */;
			productType = "com.apple.product-type.application";
		};
		2A9C04962CD00C4E00DCF02A /* ImageFeedUITests */ = {
			isa = PBXNativeTarget;
			buildConfigurationList = 2A9C049F2CD00C4F00DCF02A /* Build configuration list for PBXNativeTarget "ImageFeedUITests" */;
			buildPhases = (
				2A9C04932CD00C4E00DCF02A /* Sources */,
				2A9C04942CD00C4E00DCF02A /* Frameworks */,
				2A9C04952CD00C4E00DCF02A /* Resources */,
			);
			buildRules = (
			);
			dependencies = (
				2A9C049E2CD00C4F00DCF02A /* PBXTargetDependency */,
			);
			name = ImageFeedUITests;
			productName = ImageFeedUITests;
			productReference = 2A9C04972CD00C4E00DCF02A /* ImageFeedUITests.xctest */;
			productType = "com.apple.product-type.bundle.ui-testing";
		};
		2ABA259B2CC83BFA00121462 /* ImageFeedTests */ = {
			isa = PBXNativeTarget;
			buildConfigurationList = 2ABA25A22CC83BFA00121462 /* Build configuration list for PBXNativeTarget "ImageFeedTests" */;
			buildPhases = (
				2ABA25982CC83BFA00121462 /* Sources */,
				2ABA25992CC83BFA00121462 /* Frameworks */,
				2ABA259A2CC83BFA00121462 /* Resources */,
			);
			buildRules = (
			);
			dependencies = (
				2ABA25A12CC83BFA00121462 /* PBXTargetDependency */,
			);
			name = ImageFeedTests;
			productName = ImageFeedTests;
			productReference = 2ABA259C2CC83BFA00121462 /* ImageFeedTests.xctest */;
			productType = "com.apple.product-type.bundle.unit-test";
		};
/* End PBXNativeTarget section */

/* Begin PBXProject section */
		2A432E282C61591600018D50 /* Project object */ = {
			isa = PBXProject;
			attributes = {
				BuildIndependentTargetsInParallel = 1;
				LastSwiftUpdateCheck = 1530;
				LastUpgradeCheck = 1530;
				TargetAttributes = {
					2A432E2F2C61591600018D50 = {
						CreatedOnToolsVersion = 15.3;
					};
					2A9C04962CD00C4E00DCF02A = {
						CreatedOnToolsVersion = 15.3;
						TestTargetID = 2A432E2F2C61591600018D50;
					};
					2ABA259B2CC83BFA00121462 = {
						CreatedOnToolsVersion = 15.3;
						TestTargetID = 2A432E2F2C61591600018D50;
					};
				};
			};
			buildConfigurationList = 2A432E2B2C61591600018D50 /* Build configuration list for PBXProject "ImageFeed" */;
			compatibilityVersion = "Xcode 14.0";
			developmentRegion = en;
			hasScannedForEncodings = 0;
			knownRegions = (
				en,
				Base,
			);
			mainGroup = 2A432E272C61591600018D50;
			packageReferences = (
				2A433DE42C9A1274007C4524 /* XCRemoteSwiftPackageReference "ProgressHUD" */,
				2A433DF32CA9AA50007C4524 /* XCRemoteSwiftPackageReference "Kingfisher" */,
				2A433DF62CAA19F9007C4524 /* XCRemoteSwiftPackageReference "SwiftKeychainWrapper" */,
			);
			productRefGroup = 2A432E312C61591600018D50 /* Products */;
			projectDirPath = "";
			projectRoot = "";
			targets = (
				2A432E2F2C61591600018D50 /* ImageFeed */,
				2ABA259B2CC83BFA00121462 /* ImageFeedTests */,
				2A9C04962CD00C4E00DCF02A /* ImageFeedUITests */,
			);
		};
/* End PBXProject section */

/* Begin PBXResourcesBuildPhase section */
		2A432E2E2C61591600018D50 /* Resources */ = {
			isa = PBXResourcesBuildPhase;
			buildActionMask = 2147483647;
			files = (
				2A432E3D2C61591700018D50 /* Assets.xcassets in Resources */,
				2A432E402C61591700018D50 /* Base in Resources */,
				2A432E3B2C61591600018D50 /* Base in Resources */,
			);
			runOnlyForDeploymentPostprocessing = 0;
		};
		2A9C04952CD00C4E00DCF02A /* Resources */ = {
			isa = PBXResourcesBuildPhase;
			buildActionMask = 2147483647;
			files = (
			);
			runOnlyForDeploymentPostprocessing = 0;
		};
		2ABA259A2CC83BFA00121462 /* Resources */ = {
			isa = PBXResourcesBuildPhase;
			buildActionMask = 2147483647;
			files = (
			);
			runOnlyForDeploymentPostprocessing = 0;
		};
/* End PBXResourcesBuildPhase section */

/* Begin PBXSourcesBuildPhase section */
		2A432E2C2C61591600018D50 /* Sources */ = {
			isa = PBXSourcesBuildPhase;
			buildActionMask = 2147483647;
			files = (
				2A432EA92C6E6EA300018D50 /* ProfileViewController.swift in Sources */,
				2A433E022CAEFB38007C4524 /* Profile.swift in Sources */,
				2ABA25AA2CC957D600121462 /* ProfileViewPresenter.swift in Sources */,
				2A432E382C61591600018D50 /* ImageListViewController.swift in Sources */,
				2A433E062CAEFB88007C4524 /* ProfileImage.swift in Sources */,
				2A41E7E62CB473D4006891E5 /* ImageListCellDelegate.swift in Sources */,
				2ABA25972CC712D300121462 /* AuthHelper.swift in Sources */,
				2A9C047C2CCEB58E00DCF02A /* ImageListServiceProtocol.swift in Sources */,
				2A86EB3D2C8B171800D4368C /* OAuth2Service.swift in Sources */,
				2A9C048E2CCFEA3D00DCF02A /* ImageListCellProtocol.swift in Sources */,
				2A432EA02C6952F900018D50 /* ImageListCellOld.swift in Sources */,
				2A41E7E42CB464B6006891E5 /* SelectedPhotoResult.swift in Sources */,
				2A86EB3B2C874DCF00D4368C /* WebViewControllerDelegate.swift in Sources */,
				2A433DF02CA5A858007C4524 /* URLSession+Extentions.swift in Sources */,
				2ABA25922CC5616900121462 /* WebViewPresenter.swift in Sources */,
				2ABA25DC2CCD305900121462 /* ProfileImageServiceProtocol.swift in Sources */,
				2A8A2F372C91E67F00679783 /* OAuthTokenResponseBody.swift in Sources */,
				2A41E7F02CB6C43B006891E5 /* ProfileLogoutService.swift in Sources */,
				2A41E7EA2CB55206006891E5 /* Array+Extentions.swift in Sources */,
				2A433E042CAEFB69007C4524 /* UserResult.swift in Sources */,
				2A8A2F3E2C9251C900679783 /* AuthViewControllerDeligate.swift in Sources */,
				2A86EB382C872DD000D4368C /* WebViewController.swift in Sources */,
				2A8A2F392C91F86C00679783 /* OAuthTokenStorage.swift in Sources */,
				2A433E122CB026D1007C4524 /* URLRequest+Extentions.swift in Sources */,
				2A432EAB2C737ECC00018D50 /* SingleImageViewController.swift in Sources */,
				2ABA25DE2CCD383A00121462 /* ProfileLogoutServiceProtocol.swift in Sources */,
				2A433DF22CA5AC79007C4524 /* JSONDecoder+Extentions.swift in Sources */,
				2ABA25952CC6D3AC00121462 /* AuthHelperProtocol.swift in Sources */,
				2A433E0C2CAF32E0007C4524 /* UrlsResult.swift in Sources */,
				2ABA25902CC55F4500121462 /* WebViewPresenterProtocol.swift in Sources */,
				2A41E7EE2CB59656006891E5 /* CustomIndicator.swift in Sources */,
				2A8A2F3C2C924EEB00679783 /* SplashViewController.swift in Sources */,
				2ABA25AC2CC957E500121462 /* ProfileViewControllerProtocol.swift in Sources */,
				2ABA25DA2CCD18D200121462 /* ProfileServiceProtocol.swift in Sources */,
				2A433E002CAEFB1F007C4524 /* ProfileResult.swift in Sources */,
				2ABA25AE2CC957F400121462 /* ProfileViewPresenterProtocol.swift in Sources */,
				2A433DFB2CAA2828007C4524 /* TabBarController.swift in Sources */,
				2ABA258E2CC55F1000121462 /* WebViewControllerProtocol.swift in Sources */,
				2A433DEC2CA2E5EE007C4524 /* ProfileImageService.swift in Sources */,
				2A433DEA2CA1B5F4007C4524 /* ProfileService.swift in Sources */,
				2A433E0E2CAFFB42007C4524 /* PhotoResult.swift in Sources */,
				2A9C047E2CCEBF7800DCF02A /* ImageListViewControllerProtocol.swift in Sources */,
				2A433E0A2CAF0061007C4524 /* Photo.swift in Sources */,
				2A9C04782CCE8EF300DCF02A /* ImageListViewPresenter.swift in Sources */,
				2A9C047A2CCE8F1300DCF02A /* ImageListViewPresenterProtocol.swift in Sources */,
				2A432EA52C69CB7000018D50 /* GradientView.swift in Sources */,
				2A432E342C61591600018D50 /* AppDelegate.swift in Sources */,
				2A433E082CAF0034007C4524 /* ImageListService.swift in Sources */,
				2A86EB322C864CAE00D4368C /* AuthViewController.swift in Sources */,
				2A432E362C61591600018D50 /* SceneDelegate.swift in Sources */,
				2A86EB302C80C7CF00D4368C /* AuthConfiguration.swift in Sources */,
				2A433DE82CA0E00B007C4524 /* UIBlockingProgressHUD.swift in Sources */,
				2A41E7E82CB4AC6B006891E5 /* ImageListCell.swift in Sources */,
			);
			runOnlyForDeploymentPostprocessing = 0;
		};
		2A9C04932CD00C4E00DCF02A /* Sources */ = {
			isa = PBXSourcesBuildPhase;
			buildActionMask = 2147483647;
			files = (
				2A9C049C2CD00C4F00DCF02A /* ImageFeedUITestsLaunchTests.swift in Sources */,
				2A9C049A2CD00C4F00DCF02A /* ImageFeedUITests.swift in Sources */,
			);
			runOnlyForDeploymentPostprocessing = 0;
		};
		2ABA25982CC83BFA00121462 /* Sources */ = {
			isa = PBXSourcesBuildPhase;
			buildActionMask = 2147483647;
			files = (
				2A9C04842CCEEF6B00DCF02A /* ImageListViewTests.swift in Sources */,
				2A9C04882CCEEF9B00DCF02A /* ImageListViewControllerSpy.swift in Sources */,
				2A9C046A2CCD873D00DCF02A /* ProfileViewTests.swift in Sources */,
				2A9C046C2CCD89E000DCF02A /* ProfileViewPresenterSpy.swift in Sources */,
				2ABA259F2CC83BFA00121462 /* WebViewTests.swift in Sources */,
				2A9C04722CCDA20000DCF02A /* ProfileServiceStub.swift in Sources */,
				2ABA25A82CC9464600121462 /* WebViewControllerSpy.swift in Sources */,
				2ABA25A62CC9443600121462 /* WebViewPresenterSpy.swift in Sources */,
				2A9C048A2CCEEFA900DCF02A /* ImageListViewPresenterSpy.swift in Sources */,
				2A9C04742CCDA67800DCF02A /* ProfileLogoutServiceDummy.swift in Sources */,
				2A9C048C2CCF098D00DCF02A /* ImageListServiceSpy.swift in Sources */,
				2A9C04702CCDA15000DCF02A /* ProfileImageServiceStub.swift in Sources */,
				2A9C04902CCFEAE800DCF02A /* ImageListCellSpy.swift in Sources */,
				2A9C046E2CCD8F2900DCF02A /* ProfileViewControllerSpy.swift in Sources */,
				2A9C04922CCFF2AD00DCF02A /* ImageListCellDummy.swift in Sources */,
			);
			runOnlyForDeploymentPostprocessing = 0;
		};
/* End PBXSourcesBuildPhase section */

/* Begin PBXTargetDependency section */
		2A9C049E2CD00C4F00DCF02A /* PBXTargetDependency */ = {
			isa = PBXTargetDependency;
			target = 2A432E2F2C61591600018D50 /* ImageFeed */;
			targetProxy = 2A9C049D2CD00C4F00DCF02A /* PBXContainerItemProxy */;
		};
		2ABA25A12CC83BFA00121462 /* PBXTargetDependency */ = {
			isa = PBXTargetDependency;
			target = 2A432E2F2C61591600018D50 /* ImageFeed */;
			targetProxy = 2ABA25A02CC83BFA00121462 /* PBXContainerItemProxy */;
		};
/* End PBXTargetDependency section */

/* Begin PBXVariantGroup section */
		2A432E392C61591600018D50 /* Main.storyboard */ = {
			isa = PBXVariantGroup;
			children = (
				2A432E3A2C61591600018D50 /* Base */,
			);
			name = Main.storyboard;
			sourceTree = "<group>";
		};
		2A432E3E2C61591700018D50 /* LaunchScreen.storyboard */ = {
			isa = PBXVariantGroup;
			children = (
				2A432E3F2C61591700018D50 /* Base */,
			);
			name = LaunchScreen.storyboard;
			sourceTree = "<group>";
		};
/* End PBXVariantGroup section */

/* Begin XCBuildConfiguration section */
		2A432E582C61591700018D50 /* Debug */ = {
			isa = XCBuildConfiguration;
			buildSettings = {
				ALWAYS_SEARCH_USER_PATHS = NO;
				ASSETCATALOG_COMPILER_GENERATE_SWIFT_ASSET_SYMBOL_EXTENSIONS = YES;
				CLANG_ANALYZER_NONNULL = YES;
				CLANG_ANALYZER_NUMBER_OBJECT_CONVERSION = YES_AGGRESSIVE;
				CLANG_CXX_LANGUAGE_STANDARD = "gnu++20";
				CLANG_ENABLE_MODULES = YES;
				CLANG_ENABLE_OBJC_ARC = YES;
				CLANG_ENABLE_OBJC_WEAK = YES;
				CLANG_WARN_BLOCK_CAPTURE_AUTORELEASING = YES;
				CLANG_WARN_BOOL_CONVERSION = YES;
				CLANG_WARN_COMMA = YES;
				CLANG_WARN_CONSTANT_CONVERSION = YES;
				CLANG_WARN_DEPRECATED_OBJC_IMPLEMENTATIONS = YES;
				CLANG_WARN_DIRECT_OBJC_ISA_USAGE = YES_ERROR;
				CLANG_WARN_DOCUMENTATION_COMMENTS = YES;
				CLANG_WARN_EMPTY_BODY = YES;
				CLANG_WARN_ENUM_CONVERSION = YES;
				CLANG_WARN_INFINITE_RECURSION = YES;
				CLANG_WARN_INT_CONVERSION = YES;
				CLANG_WARN_NON_LITERAL_NULL_CONVERSION = YES;
				CLANG_WARN_OBJC_IMPLICIT_RETAIN_SELF = YES;
				CLANG_WARN_OBJC_LITERAL_CONVERSION = YES;
				CLANG_WARN_OBJC_ROOT_CLASS = YES_ERROR;
				CLANG_WARN_QUOTED_INCLUDE_IN_FRAMEWORK_HEADER = YES;
				CLANG_WARN_RANGE_LOOP_ANALYSIS = YES;
				CLANG_WARN_STRICT_PROTOTYPES = YES;
				CLANG_WARN_SUSPICIOUS_MOVE = YES;
				CLANG_WARN_UNGUARDED_AVAILABILITY = YES_AGGRESSIVE;
				CLANG_WARN_UNREACHABLE_CODE = YES;
				CLANG_WARN__DUPLICATE_METHOD_MATCH = YES;
				COPY_PHASE_STRIP = NO;
				DEBUG_INFORMATION_FORMAT = dwarf;
				ENABLE_STRICT_OBJC_MSGSEND = YES;
				ENABLE_TESTABILITY = YES;
				ENABLE_USER_SCRIPT_SANDBOXING = YES;
				GCC_C_LANGUAGE_STANDARD = gnu17;
				GCC_DYNAMIC_NO_PIC = NO;
				GCC_NO_COMMON_BLOCKS = YES;
				GCC_OPTIMIZATION_LEVEL = 0;
				GCC_PREPROCESSOR_DEFINITIONS = (
					"DEBUG=1",
					"$(inherited)",
				);
				GCC_WARN_64_TO_32_BIT_CONVERSION = YES;
				GCC_WARN_ABOUT_RETURN_TYPE = YES_ERROR;
				GCC_WARN_UNDECLARED_SELECTOR = YES;
				GCC_WARN_UNINITIALIZED_AUTOS = YES_AGGRESSIVE;
				GCC_WARN_UNUSED_FUNCTION = YES;
				GCC_WARN_UNUSED_VARIABLE = YES;
				IPHONEOS_DEPLOYMENT_TARGET = 17.4;
				LOCALIZATION_PREFERS_STRING_CATALOGS = YES;
				MTL_ENABLE_DEBUG_INFO = INCLUDE_SOURCE;
				MTL_FAST_MATH = YES;
				ONLY_ACTIVE_ARCH = YES;
				SDKROOT = iphoneos;
				SWIFT_ACTIVE_COMPILATION_CONDITIONS = "DEBUG $(inherited)";
				SWIFT_OPTIMIZATION_LEVEL = "-Onone";
			};
			name = Debug;
		};
		2A432E592C61591700018D50 /* Release */ = {
			isa = XCBuildConfiguration;
			buildSettings = {
				ALWAYS_SEARCH_USER_PATHS = NO;
				ASSETCATALOG_COMPILER_GENERATE_SWIFT_ASSET_SYMBOL_EXTENSIONS = YES;
				CLANG_ANALYZER_NONNULL = YES;
				CLANG_ANALYZER_NUMBER_OBJECT_CONVERSION = YES_AGGRESSIVE;
				CLANG_CXX_LANGUAGE_STANDARD = "gnu++20";
				CLANG_ENABLE_MODULES = YES;
				CLANG_ENABLE_OBJC_ARC = YES;
				CLANG_ENABLE_OBJC_WEAK = YES;
				CLANG_WARN_BLOCK_CAPTURE_AUTORELEASING = YES;
				CLANG_WARN_BOOL_CONVERSION = YES;
				CLANG_WARN_COMMA = YES;
				CLANG_WARN_CONSTANT_CONVERSION = YES;
				CLANG_WARN_DEPRECATED_OBJC_IMPLEMENTATIONS = YES;
				CLANG_WARN_DIRECT_OBJC_ISA_USAGE = YES_ERROR;
				CLANG_WARN_DOCUMENTATION_COMMENTS = YES;
				CLANG_WARN_EMPTY_BODY = YES;
				CLANG_WARN_ENUM_CONVERSION = YES;
				CLANG_WARN_INFINITE_RECURSION = YES;
				CLANG_WARN_INT_CONVERSION = YES;
				CLANG_WARN_NON_LITERAL_NULL_CONVERSION = YES;
				CLANG_WARN_OBJC_IMPLICIT_RETAIN_SELF = YES;
				CLANG_WARN_OBJC_LITERAL_CONVERSION = YES;
				CLANG_WARN_OBJC_ROOT_CLASS = YES_ERROR;
				CLANG_WARN_QUOTED_INCLUDE_IN_FRAMEWORK_HEADER = YES;
				CLANG_WARN_RANGE_LOOP_ANALYSIS = YES;
				CLANG_WARN_STRICT_PROTOTYPES = YES;
				CLANG_WARN_SUSPICIOUS_MOVE = YES;
				CLANG_WARN_UNGUARDED_AVAILABILITY = YES_AGGRESSIVE;
				CLANG_WARN_UNREACHABLE_CODE = YES;
				CLANG_WARN__DUPLICATE_METHOD_MATCH = YES;
				COPY_PHASE_STRIP = NO;
				DEBUG_INFORMATION_FORMAT = "dwarf-with-dsym";
				ENABLE_NS_ASSERTIONS = NO;
				ENABLE_STRICT_OBJC_MSGSEND = YES;
				ENABLE_USER_SCRIPT_SANDBOXING = YES;
				GCC_C_LANGUAGE_STANDARD = gnu17;
				GCC_NO_COMMON_BLOCKS = YES;
				GCC_WARN_64_TO_32_BIT_CONVERSION = YES;
				GCC_WARN_ABOUT_RETURN_TYPE = YES_ERROR;
				GCC_WARN_UNDECLARED_SELECTOR = YES;
				GCC_WARN_UNINITIALIZED_AUTOS = YES_AGGRESSIVE;
				GCC_WARN_UNUSED_FUNCTION = YES;
				GCC_WARN_UNUSED_VARIABLE = YES;
				IPHONEOS_DEPLOYMENT_TARGET = 17.4;
				LOCALIZATION_PREFERS_STRING_CATALOGS = YES;
				MTL_ENABLE_DEBUG_INFO = NO;
				MTL_FAST_MATH = YES;
				SDKROOT = iphoneos;
				SWIFT_COMPILATION_MODE = wholemodule;
				VALIDATE_PRODUCT = YES;
			};
			name = Release;
		};
		2A432E5B2C61591700018D50 /* Debug */ = {
			isa = XCBuildConfiguration;
			buildSettings = {
				ASSETCATALOG_COMPILER_APPICON_NAME = AppIcon;
				ASSETCATALOG_COMPILER_GLOBAL_ACCENT_COLOR_NAME = AccentColor;
				CODE_SIGN_STYLE = Automatic;
				CURRENT_PROJECT_VERSION = 1;
				DEVELOPMENT_TEAM = TH3U5LBAKD;
				GENERATE_INFOPLIST_FILE = YES;
				INFOPLIST_FILE = ImageFeed/Info.plist;
				INFOPLIST_KEY_UIApplicationSupportsIndirectInputEvents = YES;
				INFOPLIST_KEY_UILaunchStoryboardName = LaunchScreen;
				INFOPLIST_KEY_UIMainStoryboardFile = Main;
				INFOPLIST_KEY_UISupportedInterfaceOrientations = UIInterfaceOrientationPortrait;
				INFOPLIST_KEY_UISupportedInterfaceOrientations_iPad = "UIInterfaceOrientationLandscapeLeft UIInterfaceOrientationLandscapeRight UIInterfaceOrientationPortrait";
				IPHONEOS_DEPLOYMENT_TARGET = 13.0;
				LD_RUNPATH_SEARCH_PATHS = (
					"$(inherited)",
					"@executable_path/Frameworks",
				);
				MARKETING_VERSION = 1.0;
				PRODUCT_BUNDLE_IDENTIFIER = OwiLover.ImageFeed;
				PRODUCT_NAME = "$(TARGET_NAME)";
				SUPPORTED_PLATFORMS = "iphoneos iphonesimulator";
				SUPPORTS_MACCATALYST = NO;
				SWIFT_EMIT_LOC_STRINGS = YES;
				SWIFT_VERSION = 5.0;
				TARGETED_DEVICE_FAMILY = 1;
			};
			name = Debug;
		};
		2A432E5C2C61591700018D50 /* Release */ = {
			isa = XCBuildConfiguration;
			buildSettings = {
				ASSETCATALOG_COMPILER_APPICON_NAME = AppIcon;
				ASSETCATALOG_COMPILER_GLOBAL_ACCENT_COLOR_NAME = AccentColor;
				CODE_SIGN_STYLE = Automatic;
				CURRENT_PROJECT_VERSION = 1;
				DEVELOPMENT_TEAM = TH3U5LBAKD;
				GENERATE_INFOPLIST_FILE = YES;
				INFOPLIST_FILE = ImageFeed/Info.plist;
				INFOPLIST_KEY_UIApplicationSupportsIndirectInputEvents = YES;
				INFOPLIST_KEY_UILaunchStoryboardName = LaunchScreen;
				INFOPLIST_KEY_UIMainStoryboardFile = Main;
				INFOPLIST_KEY_UISupportedInterfaceOrientations = UIInterfaceOrientationPortrait;
				INFOPLIST_KEY_UISupportedInterfaceOrientations_iPad = "UIInterfaceOrientationLandscapeLeft UIInterfaceOrientationLandscapeRight UIInterfaceOrientationPortrait";
				IPHONEOS_DEPLOYMENT_TARGET = 13.0;
				LD_RUNPATH_SEARCH_PATHS = (
					"$(inherited)",
					"@executable_path/Frameworks",
				);
				MARKETING_VERSION = 1.0;
				PRODUCT_BUNDLE_IDENTIFIER = OwiLover.ImageFeed;
				PRODUCT_NAME = "$(TARGET_NAME)";
				SUPPORTED_PLATFORMS = "iphoneos iphonesimulator";
				SUPPORTS_MACCATALYST = NO;
				SWIFT_EMIT_LOC_STRINGS = YES;
				SWIFT_VERSION = 5.0;
				TARGETED_DEVICE_FAMILY = 1;
			};
			name = Release;
		};
		2A9C04A02CD00C4F00DCF02A /* Debug */ = {
			isa = XCBuildConfiguration;
			buildSettings = {
				CODE_SIGN_STYLE = Automatic;
				CURRENT_PROJECT_VERSION = 1;
				GENERATE_INFOPLIST_FILE = YES;
				MARKETING_VERSION = 1.0;
				PRODUCT_BUNDLE_IDENTIFIER = OwiLover.ImageFeedUITests;
				PRODUCT_NAME = "$(TARGET_NAME)";
				SWIFT_EMIT_LOC_STRINGS = NO;
				SWIFT_VERSION = 5.0;
				TARGETED_DEVICE_FAMILY = "1,2";
				TEST_TARGET_NAME = ImageFeed;
			};
			name = Debug;
		};
		2A9C04A12CD00C4F00DCF02A /* Release */ = {
			isa = XCBuildConfiguration;
			buildSettings = {
				CODE_SIGN_STYLE = Automatic;
				CURRENT_PROJECT_VERSION = 1;
				GENERATE_INFOPLIST_FILE = YES;
				MARKETING_VERSION = 1.0;
				PRODUCT_BUNDLE_IDENTIFIER = OwiLover.ImageFeedUITests;
				PRODUCT_NAME = "$(TARGET_NAME)";
				SWIFT_EMIT_LOC_STRINGS = NO;
				SWIFT_VERSION = 5.0;
				TARGETED_DEVICE_FAMILY = "1,2";
				TEST_TARGET_NAME = ImageFeed;
			};
			name = Release;
		};
		2ABA25A32CC83BFA00121462 /* Debug */ = {
			isa = XCBuildConfiguration;
			buildSettings = {
				BUNDLE_LOADER = "$(TEST_HOST)";
				CODE_SIGN_STYLE = Automatic;
				CURRENT_PROJECT_VERSION = 1;
				GENERATE_INFOPLIST_FILE = YES;
				MARKETING_VERSION = 1.0;
				PRODUCT_BUNDLE_IDENTIFIER = OwiLover.ImageFeedTests;
				PRODUCT_NAME = "$(TARGET_NAME)";
				SWIFT_EMIT_LOC_STRINGS = NO;
				SWIFT_VERSION = 5.0;
				TARGETED_DEVICE_FAMILY = "1,2";
				TEST_HOST = "$(BUILT_PRODUCTS_DIR)/ImageFeed.app/$(BUNDLE_EXECUTABLE_FOLDER_PATH)/ImageFeed";
			};
			name = Debug;
		};
		2ABA25A42CC83BFA00121462 /* Release */ = {
			isa = XCBuildConfiguration;
			buildSettings = {
				BUNDLE_LOADER = "$(TEST_HOST)";
				CODE_SIGN_STYLE = Automatic;
				CURRENT_PROJECT_VERSION = 1;
				GENERATE_INFOPLIST_FILE = YES;
				MARKETING_VERSION = 1.0;
				PRODUCT_BUNDLE_IDENTIFIER = OwiLover.ImageFeedTests;
				PRODUCT_NAME = "$(TARGET_NAME)";
				SWIFT_EMIT_LOC_STRINGS = NO;
				SWIFT_VERSION = 5.0;
				TARGETED_DEVICE_FAMILY = "1,2";
				TEST_HOST = "$(BUILT_PRODUCTS_DIR)/ImageFeed.app/$(BUNDLE_EXECUTABLE_FOLDER_PATH)/ImageFeed";
			};
			name = Release;
		};
/* End XCBuildConfiguration section */

/* Begin XCConfigurationList section */
		2A432E2B2C61591600018D50 /* Build configuration list for PBXProject "ImageFeed" */ = {
			isa = XCConfigurationList;
			buildConfigurations = (
				2A432E582C61591700018D50 /* Debug */,
				2A432E592C61591700018D50 /* Release */,
			);
			defaultConfigurationIsVisible = 0;
			defaultConfigurationName = Release;
		};
		2A432E5A2C61591700018D50 /* Build configuration list for PBXNativeTarget "ImageFeed" */ = {
			isa = XCConfigurationList;
			buildConfigurations = (
				2A432E5B2C61591700018D50 /* Debug */,
				2A432E5C2C61591700018D50 /* Release */,
			);
			defaultConfigurationIsVisible = 0;
			defaultConfigurationName = Release;
		};
		2A9C049F2CD00C4F00DCF02A /* Build configuration list for PBXNativeTarget "ImageFeedUITests" */ = {
			isa = XCConfigurationList;
			buildConfigurations = (
				2A9C04A02CD00C4F00DCF02A /* Debug */,
				2A9C04A12CD00C4F00DCF02A /* Release */,
			);
			defaultConfigurationIsVisible = 0;
			defaultConfigurationName = Release;
		};
		2ABA25A22CC83BFA00121462 /* Build configuration list for PBXNativeTarget "ImageFeedTests" */ = {
			isa = XCConfigurationList;
			buildConfigurations = (
				2ABA25A32CC83BFA00121462 /* Debug */,
				2ABA25A42CC83BFA00121462 /* Release */,
			);
			defaultConfigurationIsVisible = 0;
			defaultConfigurationName = Release;
		};
/* End XCConfigurationList section */

/* Begin XCRemoteSwiftPackageReference section */
		2A433DE42C9A1274007C4524 /* XCRemoteSwiftPackageReference "ProgressHUD" */ = {
			isa = XCRemoteSwiftPackageReference;
			repositoryURL = "https://github.com/relatedcode/ProgressHUD";
			requirement = {
				kind = upToNextMajorVersion;
				minimumVersion = 14.1.3;
			};
		};
		2A433DF32CA9AA50007C4524 /* XCRemoteSwiftPackageReference "Kingfisher" */ = {
			isa = XCRemoteSwiftPackageReference;
			repositoryURL = "https://github.com/onevcat/Kingfisher";
			requirement = {
				kind = upToNextMajorVersion;
				minimumVersion = 8.0.3;
			};
		};
		2A433DF62CAA19F9007C4524 /* XCRemoteSwiftPackageReference "SwiftKeychainWrapper" */ = {
			isa = XCRemoteSwiftPackageReference;
			repositoryURL = "https://github.com/jrendel/SwiftKeychainWrapper";
			requirement = {
				kind = upToNextMajorVersion;
				minimumVersion = 4.0.1;
			};
		};
/* End XCRemoteSwiftPackageReference section */

/* Begin XCSwiftPackageProductDependency section */
		2A433DE52C9A1274007C4524 /* ProgressHUD */ = {
			isa = XCSwiftPackageProductDependency;
			package = 2A433DE42C9A1274007C4524 /* XCRemoteSwiftPackageReference "ProgressHUD" */;
			productName = ProgressHUD;
		};
		2A433DF42CA9AA50007C4524 /* Kingfisher */ = {
			isa = XCSwiftPackageProductDependency;
			package = 2A433DF32CA9AA50007C4524 /* XCRemoteSwiftPackageReference "Kingfisher" */;
			productName = Kingfisher;
		};
		2A433DF72CAA19F9007C4524 /* SwiftKeychainWrapper */ = {
			isa = XCSwiftPackageProductDependency;
			package = 2A433DF62CAA19F9007C4524 /* XCRemoteSwiftPackageReference "SwiftKeychainWrapper" */;
			productName = SwiftKeychainWrapper;
		};
/* End XCSwiftPackageProductDependency section */
	};
	rootObject = 2A432E282C61591600018D50 /* Project object */;
}
